// !$*UTF8*$!
{
	archiveVersion = 1;
	classes = {
	};
	objectVersion = 55;
	objects = {

/* Begin PBXBuildFile section */
		FACE5BB128FDEDF400960A48 /* AppDelegate.swift in Sources */ = {isa = PBXBuildFile; fileRef = FACE5BB028FDEDF400960A48 /* AppDelegate.swift */; };
		FACE5BB328FDEDF400960A48 /* SceneDelegate.swift in Sources */ = {isa = PBXBuildFile; fileRef = FACE5BB228FDEDF400960A48 /* SceneDelegate.swift */; };
		FACE5BB528FDEDF400960A48 /* ViewController.swift in Sources */ = {isa = PBXBuildFile; fileRef = FACE5BB428FDEDF400960A48 /* ViewController.swift */; };
		FACE5BB828FDEDF400960A48 /* Main.storyboard in Resources */ = {isa = PBXBuildFile; fileRef = FACE5BB628FDEDF400960A48 /* Main.storyboard */; };
		FACE5BBA28FDEDF500960A48 /* Assets.xcassets in Resources */ = {isa = PBXBuildFile; fileRef = FACE5BB928FDEDF500960A48 /* Assets.xcassets */; };
		FACE5BBD28FDEDF500960A48 /* LaunchScreen.storyboard in Resources */ = {isa = PBXBuildFile; fileRef = FACE5BBB28FDEDF500960A48 /* LaunchScreen.storyboard */; };
		FACE5BCA28FDEE1100960A48 /* Extensions.swift in Sources */ = {isa = PBXBuildFile; fileRef = FACE5BC528FDEE1100960A48 /* Extensions.swift */; };
		FACE5BD028FDEF0C00960A48 /* ManualBezierView.swift in Sources */ = {isa = PBXBuildFile; fileRef = FACE5BCF28FDEF0C00960A48 /* ManualBezierView.swift */; };
/* End PBXBuildFile section */

/* Begin PBXFileReference section */
		FACE5BAD28FDEDF400960A48 /* BezierTest.app */ = {isa = PBXFileReference; explicitFileType = wrapper.application; includeInIndex = 0; path = BezierTest.app; sourceTree = BUILT_PRODUCTS_DIR; };
		FACE5BB028FDEDF400960A48 /* AppDelegate.swift */ = {isa = PBXFileReference; lastKnownFileType = sourcecode.swift; path = AppDelegate.swift; sourceTree = "<group>"; };
		FACE5BB228FDEDF400960A48 /* SceneDelegate.swift */ = {isa = PBXFileReference; lastKnownFileType = sourcecode.swift; path = SceneDelegate.swift; sourceTree = "<group>"; };
		FACE5BB428FDEDF400960A48 /* ViewController.swift */ = {isa = PBXFileReference; lastKnownFileType = sourcecode.swift; path = ViewController.swift; sourceTree = "<group>"; };
		FACE5BB728FDEDF400960A48 /* Base */ = {isa = PBXFileReference; lastKnownFileType = file.storyboard; name = Base; path = Base.lproj/Main.storyboard; sourceTree = "<group>"; };
		FACE5BB928FDEDF500960A48 /* Assets.xcassets */ = {isa = PBXFileReference; lastKnownFileType = folder.assetcatalog; path = Assets.xcassets; sourceTree = "<group>"; };
		FACE5BBC28FDEDF500960A48 /* Base */ = {isa = PBXFileReference; lastKnownFileType = file.storyboard; name = Base; path = Base.lproj/LaunchScreen.storyboard; sourceTree = "<group>"; };
		FACE5BBE28FDEDF500960A48 /* Info.plist */ = {isa = PBXFileReference; lastKnownFileType = text.plist.xml; path = Info.plist; sourceTree = "<group>"; };
		FACE5BC528FDEE1100960A48 /* Extensions.swift */ = {isa = PBXFileReference; fileEncoding = 4; lastKnownFileType = sourcecode.swift; path = Extensions.swift; sourceTree = "<group>"; };
		FACE5BCF28FDEF0C00960A48 /* ManualBezierView.swift */ = {isa = PBXFileReference; lastKnownFileType = sourcecode.swift; path = ManualBezierView.swift; sourceTree = "<group>"; };
/* End PBXFileReference section */

/* Begin PBXFrameworksBuildPhase section */
		FACE5BAA28FDEDF400960A48 /* Frameworks */ = {
			isa = PBXFrameworksBuildPhase;
			buildActionMask = 2147483647;
			files = (
			);
			runOnlyForDeploymentPostprocessing = 0;
		};
/* End PBXFrameworksBuildPhase section */

/* Begin PBXGroup section */
		FACE5BA428FDEDF400960A48 = {
			isa = PBXGroup;
			children = (
				FACE5BAF28FDEDF400960A48 /* BezierTest */,
				FACE5BAE28FDEDF400960A48 /* Products */,
			);
			sourceTree = "<group>";
		};
		FACE5BAE28FDEDF400960A48 /* Products */ = {
			isa = PBXGroup;
			children = (
				FACE5BAD28FDEDF400960A48 /* BezierTest.app */,
			);
			name = Products;
			sourceTree = "<group>";
		};
		FACE5BAF28FDEDF400960A48 /* BezierTest */ = {
			isa = PBXGroup;
			children = (
				FACE5BCE28FDEE1400960A48 /* Utils */,
				FACE5BB028FDEDF400960A48 /* AppDelegate.swift */,
				FACE5BB228FDEDF400960A48 /* SceneDelegate.swift */,
				FACE5BB428FDEDF400960A48 /* ViewController.swift */,
				FACE5BCF28FDEF0C00960A48 /* ManualBezierView.swift */,
				FACE5BB628FDEDF400960A48 /* Main.storyboard */,
				FACE5BB928FDEDF500960A48 /* Assets.xcassets */,
				FACE5BBB28FDEDF500960A48 /* LaunchScreen.storyboard */,
				FACE5BBE28FDEDF500960A48 /* Info.plist */,
			);
			path = BezierTest;
			sourceTree = "<group>";
		};
		FACE5BCE28FDEE1400960A48 /* Utils */ = {
			isa = PBXGroup;
			children = (
				FACE5BC528FDEE1100960A48 /* Extensions.swift */,
			);
			path = Utils;
			sourceTree = "<group>";
		};
/* End PBXGroup section */

/* Begin PBXNativeTarget section */
		FACE5BAC28FDEDF400960A48 /* BezierTest */ = {
			isa = PBXNativeTarget;
			buildConfigurationList = FACE5BC128FDEDF500960A48 /* Build configuration list for PBXNativeTarget "BezierTest" */;
			buildPhases = (
				FACE5BA928FDEDF400960A48 /* Sources */,
				FACE5BAA28FDEDF400960A48 /* Frameworks */,
				FACE5BAB28FDEDF400960A48 /* Resources */,
			);
			buildRules = (
			);
			dependencies = (
			);
			name = BezierTest;
			productName = BezierTest;
			productReference = FACE5BAD28FDEDF400960A48 /* BezierTest.app */;
			productType = "com.apple.product-type.application";
		};
/* End PBXNativeTarget section */

/* Begin PBXProject section */
		FACE5BA528FDEDF400960A48 /* Project object */ = {
			isa = PBXProject;
			attributes = {
				BuildIndependentTargetsInParallel = 1;
				LastSwiftUpdateCheck = 1330;
				LastUpgradeCheck = 1330;
				TargetAttributes = {
					FACE5BAC28FDEDF400960A48 = {
						CreatedOnToolsVersion = 13.3;
					};
				};
			};
			buildConfigurationList = FACE5BA828FDEDF400960A48 /* Build configuration list for PBXProject "BezierTest" */;
			compatibilityVersion = "Xcode 13.0";
			developmentRegion = en;
			hasScannedForEncodings = 0;
			knownRegions = (
				en,
				Base,
			);
			mainGroup = FACE5BA428FDEDF400960A48;
			productRefGroup = FACE5BAE28FDEDF400960A48 /* Products */;
			projectDirPath = "";
			projectRoot = "";
			targets = (
				FACE5BAC28FDEDF400960A48 /* BezierTest */,
			);
		};
/* End PBXProject section */

/* Begin PBXResourcesBuildPhase section */
		FACE5BAB28FDEDF400960A48 /* Resources */ = {
			isa = PBXResourcesBuildPhase;
			buildActionMask = 2147483647;
			files = (
				FACE5BBD28FDEDF500960A48 /* LaunchScreen.storyboard in Resources */,
				FACE5BBA28FDEDF500960A48 /* Assets.xcassets in Resources */,
				FACE5BB828FDEDF400960A48 /* Main.storyboard in Resources */,
			);
			runOnlyForDeploymentPostprocessing = 0;
		};
/* End PBXResourcesBuildPhase section */

/* Begin PBXSourcesBuildPhase section */
		FACE5BA928FDEDF400960A48 /* Sources */ = {
			isa = PBXSourcesBuildPhase;
			buildActionMask = 2147483647;
			files = (
				FACE5BCA28FDEE1100960A48 /* Extensions.swift in Sources */,
				FACE5BB528FDEDF400960A48 /* ViewController.swift in Sources */,
				FACE5BB128FDEDF400960A48 /* AppDelegate.swift in Sources */,
				FACE5BB328FDEDF400960A48 /* SceneDelegate.swift in Sources */,
				FACE5BD028FDEF0C00960A48 /* ManualBezierView.swift in Sources */,
			);
			runOnlyForDeploymentPostprocessing = 0;
		};
/* End PBXSourcesBuildPhase section */

/* Begin PBXVariantGroup section */
		FACE5BB628FDEDF400960A48 /* Main.storyboard */ = {
			isa = PBXVariantGroup;
			children = (
				FACE5BB728FDEDF400960A48 /* Base */,
			);
			name = Main.storyboard;
			sourceTree = "<group>";
		};
		FACE5BBB28FDEDF500960A48 /* LaunchScreen.storyboard */ = {
			isa = PBXVariantGroup;
			children = (
				FACE5BBC28FDEDF500960A48 /* Base */,
			);
			name = LaunchScreen.storyboard;
			sourceTree = "<group>";
		};
/* End PBXVariantGroup section */

/* Begin XCBuildConfiguration section */
		FACE5BBF28FDEDF500960A48 /* Debug */ = {
			isa = XCBuildConfiguration;
			buildSettings = {
				ALWAYS_SEARCH_USER_PATHS = NO;
				CLANG_ANALYZER_NONNULL = YES;
				CLANG_ANALYZER_NUMBER_OBJECT_CONVERSION = YES_AGGRESSIVE;
				CLANG_CXX_LANGUAGE_STANDARD = "gnu++17";
				CLANG_ENABLE_MODULES = YES;
				CLANG_ENABLE_OBJC_ARC = YES;
				CLANG_ENABLE_OBJC_WEAK = YES;
				CLANG_WARN_BLOCK_CAPTURE_AUTORELEASING = YES;
				CLANG_WARN_BOOL_CONVERSION = YES;
				CLANG_WARN_COMMA = YES;
				CLANG_WARN_CONSTANT_CONVERSION = YES;
				CLANG_WARN_DEPRECATED_OBJC_IMPLEMENTATIONS = YES;
				CLANG_WARN_DIRECT_OBJC_ISA_USAGE = YES_ERROR;
				CLANG_WARN_DOCUMENTATION_COMMENTS = YES;
				CLANG_WARN_EMPTY_BODY = YES;
				CLANG_WARN_ENUM_CONVERSION = YES;
				CLANG_WARN_INFINITE_RECURSION = YES;
				CLANG_WARN_INT_CONVERSION = YES;
				CLANG_WARN_NON_LITERAL_NULL_CONVERSION = YES;
				CLANG_WARN_OBJC_IMPLICIT_RETAIN_SELF = YES;
				CLANG_WARN_OBJC_LITERAL_CONVERSION = YES;
				CLANG_WARN_OBJC_ROOT_CLASS = YES_ERROR;
				CLANG_WARN_QUOTED_INCLUDE_IN_FRAMEWORK_HEADER = YES;
				CLANG_WARN_RANGE_LOOP_ANALYSIS = YES;
				CLANG_WARN_STRICT_PROTOTYPES = YES;
				CLANG_WARN_SUSPICIOUS_MOVE = YES;
				CLANG_WARN_UNGUARDED_AVAILABILITY = YES_AGGRESSIVE;
				CLANG_WARN_UNREACHABLE_CODE = YES;
				CLANG_WARN__DUPLICATE_METHOD_MATCH = YES;
				COPY_PHASE_STRIP = NO;
				DEBUG_INFORMATION_FORMAT = dwarf;
				ENABLE_STRICT_OBJC_MSGSEND = YES;
				ENABLE_TESTABILITY = YES;
				GCC_C_LANGUAGE_STANDARD = gnu11;
				GCC_DYNAMIC_NO_PIC = NO;
				GCC_NO_COMMON_BLOCKS = YES;
				GCC_OPTIMIZATION_LEVEL = 0;
				GCC_PREPROCESSOR_DEFINITIONS = (
					"DEBUG=1",
					"$(inherited)",
				);
				GCC_WARN_64_TO_32_BIT_CONVERSION = YES;
				GCC_WARN_ABOUT_RETURN_TYPE = YES_ERROR;
				GCC_WARN_UNDECLARED_SELECTOR = YES;
				GCC_WARN_UNINITIALIZED_AUTOS = YES_AGGRESSIVE;
				GCC_WARN_UNUSED_FUNCTION = YES;
				GCC_WARN_UNUSED_VARIABLE = YES;
				IPHONEOS_DEPLOYMENT_TARGET = 15.4;
				MTL_ENABLE_DEBUG_INFO = INCLUDE_SOURCE;
				MTL_FAST_MATH = YES;
				ONLY_ACTIVE_ARCH = YES;
				SDKROOT = iphoneos;
				SWIFT_ACTIVE_COMPILATION_CONDITIONS = DEBUG;
				SWIFT_OPTIMIZATION_LEVEL = "-Onone";
			};
			name = Debug;
		};
		FACE5BC028FDEDF500960A48 /* Release */ = {
			isa = XCBuildConfiguration;
			buildSettings = {
				ALWAYS_SEARCH_USER_PATHS = NO;
				CLANG_ANALYZER_NONNULL = YES;
				CLANG_ANALYZER_NUMBER_OBJECT_CONVERSION = YES_AGGRESSIVE;
				CLANG_CXX_LANGUAGE_STANDARD = "gnu++17";
				CLANG_ENABLE_MODULES = YES;
				CLANG_ENABLE_OBJC_ARC = YES;
				CLANG_ENABLE_OBJC_WEAK = YES;
				CLANG_WARN_BLOCK_CAPTURE_AUTORELEASING = YES;
				CLANG_WARN_BOOL_CONVERSION = YES;
				CLANG_WARN_COMMA = YES;
				CLANG_WARN_CONSTANT_CONVERSION = YES;
				CLANG_WARN_DEPRECATED_OBJC_IMPLEMENTATIONS = YES;
				CLANG_WARN_DIRECT_OBJC_ISA_USAGE = YES_ERROR;
				CLANG_WARN_DOCUMENTATION_COMMENTS = YES;
				CLANG_WARN_EMPTY_BODY = YES;
				CLANG_WARN_ENUM_CONVERSION = YES;
				CLANG_WARN_INFINITE_RECURSION = YES;
				CLANG_WARN_INT_CONVERSION = YES;
				CLANG_WARN_NON_LITERAL_NULL_CONVERSION = YES;
				CLANG_WARN_OBJC_IMPLICIT_RETAIN_SELF = YES;
				CLANG_WARN_OBJC_LITERAL_CONVERSION = YES;
				CLANG_WARN_OBJC_ROOT_CLASS = YES_ERROR;
				CLANG_WARN_QUOTED_INCLUDE_IN_FRAMEWORK_HEADER = YES;
				CLANG_WARN_RANGE_LOOP_ANALYSIS = YES;
				CLANG_WARN_STRICT_PROTOTYPES = YES;
				CLANG_WARN_SUSPICIOUS_MOVE = YES;
				CLANG_WARN_UNGUARDED_AVAILABILITY = YES_AGGRESSIVE;
				CLANG_WARN_UNREACHABLE_CODE = YES;
				CLANG_WARN__DUPLICATE_METHOD_MATCH = YES;
				COPY_PHASE_STRIP = NO;
				DEBUG_INFORMATION_FORMAT = "dwarf-with-dsym";
				ENABLE_NS_ASSERTIONS = NO;
				ENABLE_STRICT_OBJC_MSGSEND = YES;
				GCC_C_LANGUAGE_STANDARD = gnu11;
				GCC_NO_COMMON_BLOCKS = YES;
				GCC_WARN_64_TO_32_BIT_CONVERSION = YES;
				GCC_WARN_ABOUT_RETURN_TYPE = YES_ERROR;
				GCC_WARN_UNDECLARED_SELECTOR = YES;
				GCC_WARN_UNINITIALIZED_AUTOS = YES_AGGRESSIVE;
				GCC_WARN_UNUSED_FUNCTION = YES;
				GCC_WARN_UNUSED_VARIABLE = YES;
				IPHONEOS_DEPLOYMENT_TARGET = 15.4;
				MTL_ENABLE_DEBUG_INFO = NO;
				MTL_FAST_MATH = YES;
				SDKROOT = iphoneos;
				SWIFT_COMPILATION_MODE = wholemodule;
				SWIFT_OPTIMIZATION_LEVEL = "-O";
				VALIDATE_PRODUCT = YES;
			};
			name = Release;
		};
		FACE5BC228FDEDF500960A48 /* Debug */ = {
			isa = XCBuildConfiguration;
			buildSettings = {
				ASSETCATALOG_COMPILER_APPICON_NAME = AppIcon;
				ASSETCATALOG_COMPILER_GLOBAL_ACCENT_COLOR_NAME = AccentColor;
				CODE_SIGN_STYLE = Automatic;
				CURRENT_PROJECT_VERSION = 1;
				DEVELOPMENT_TEAM = RE82W8HD52;
				GENERATE_INFOPLIST_FILE = YES;
				INFOPLIST_FILE = BezierTest/Info.plist;
				INFOPLIST_KEY_UIApplicationSupportsIndirectInputEvents = YES;
				INFOPLIST_KEY_UILaunchStoryboardName = LaunchScreen;
				INFOPLIST_KEY_UIMainStoryboardFile = Main;
				INFOPLIST_KEY_UISupportedInterfaceOrientations_iPad = "UIInterfaceOrientationPortrait UIInterfaceOrientationPortraitUpsideDown UIInterfaceOrientationLandscapeLeft UIInterfaceOrientationLandscapeRight";
				INFOPLIST_KEY_UISupportedInterfaceOrientations_iPhone = "UIInterfaceOrientationPortrait UIInterfaceOrientationLandscapeLeft UIInterfaceOrientationLandscapeRight";
				IPHONEOS_DEPLOYMENT_TARGET = 13.0;
				LD_RUNPATH_SEARCH_PATHS = (
					"$(inherited)",
					"@executable_path/Frameworks",
				);
				MARKETING_VERSION = 1.0;
				PRODUCT_BUNDLE_IDENTIFIER = alex.BezierTest;
				PRODUCT_NAME = "$(TARGET_NAME)";
				SWIFT_EMIT_LOC_STRINGS = YES;
				SWIFT_VERSION = 5.0;
				TARGETED_DEVICE_FAMILY = "1,2";
			};
			name = Debug;
		};
		FACE5BC328FDEDF500960A48 /* Release */ = {
			isa = XCBuildConfiguration;
			buildSettings = {
				ASSETCATALOG_COMPILER_APPICON_NAME = AppIcon;
				ASSETCATALOG_COMPILER_GLOBAL_ACCENT_COLOR_NAME = AccentColor;
				CODE_SIGN_STYLE = Automatic;
				CURRENT_PROJECT_VERSION = 1;
				DEVELOPMENT_TEAM = RE82W8HD52;
				GENERATE_INFOPLIST_FILE = YES;
				INFOPLIST_FILE = BezierTest/Info.plist;
				INFOPLIST_KEY_UIApplicationSupportsIndirectInputEvents = YES;
				INFOPLIST_KEY_UILaunchStoryboardName = LaunchScreen;
				INFOPLIST_KEY_UIMainStoryboardFile = Main;
				INFOPLIST_KEY_UISupportedInterfaceOrientations_iPad = "UIInterfaceOrientationPortrait UIInterfaceOrientationPortraitUpsideDown UIInterfaceOrientationLandscapeLeft UIInterfaceOrientationLandscapeRight";
				INFOPLIST_KEY_UISupportedInterfaceOrientations_iPhone = "UIInterfaceOrientationPortrait UIInterfaceOrientationLandscapeLeft UIInterfaceOrientationLandscapeRight";
				IPHONEOS_DEPLOYMENT_TARGET = 13.0;
				LD_RUNPATH_SEARCH_PATHS = (
					"$(inherited)",
					"@executable_path/Frameworks",
				);
				MARKETING_VERSION = 1.0;
				PRODUCT_BUNDLE_IDENTIFIER = alex.BezierTest;
				PRODUCT_NAME = "$(TARGET_NAME)";
				SWIFT_EMIT_LOC_STRINGS = YES;
				SWIFT_VERSION = 5.0;
				TARGETED_DEVICE_FAMILY = "1,2";
			};
			name = Release;
		};
/* End XCBuildConfiguration section */

/* Begin XCConfigurationList section */
		FACE5BA828FDEDF400960A48 /* Build configuration list for PBXProject "BezierTest" */ = {
			isa = XCConfigurationList;
			buildConfigurations = (
				FACE5BBF28FDEDF500960A48 /* Debug */,
				FACE5BC028FDEDF500960A48 /* Release */,
			);
			defaultConfigurationIsVisible = 0;
			defaultConfigurationName = Release;
		};
		FACE5BC128FDEDF500960A48 /* Build configuration list for PBXNativeTarget "BezierTest" */ = {
			isa = XCConfigurationList;
			buildConfigurations = (
				FACE5BC228FDEDF500960A48 /* Debug */,
				FACE5BC328FDEDF500960A48 /* Release */,
			);
			defaultConfigurationIsVisible = 0;
			defaultConfigurationName = Release;
		};
/* End XCConfigurationList section */
	};
	rootObject = FACE5BA528FDEDF400960A48 /* Project object */;
}
