// !$*UTF8*$!
{
	archiveVersion = 1;
	classes = {
	};
	objectVersion = 55;
	objects = {

/* Begin PBXBuildFile section */
		AA77710F28FC891600CF73C0 /* PassthroughView.swift in Sources */ = {isa = PBXBuildFile; fileRef = AA77710E28FC891600CF73C0 /* PassthroughView.swift */; };
		AA79DE9F28FF4BF400905FEF /* TextEditPanel.swift in Sources */ = {isa = PBXBuildFile; fileRef = AA79DE9E28FF4BF400905FEF /* TextEditPanel.swift */; };
		AA79DEA228FF4EF400905FEF /* GradientView.swift in Sources */ = {isa = PBXBuildFile; fileRef = AA79DEA128FF4EF400905FEF /* GradientView.swift */; };
		AA79DEA429000CB000905FEF /* TextViewEditingOverlay.swift in Sources */ = {isa = PBXBuildFile; fileRef = AA79DEA329000CB000905FEF /* TextViewEditingOverlay.swift */; };
		AA79DEAB290320BE00905FEF /* FontsSelector.swift in Sources */ = {isa = PBXBuildFile; fileRef = AA79DEAA290320BE00905FEF /* FontsSelector.swift */; };
		AA79DEAD2903363B00905FEF /* TextAlignmentButton.swift in Sources */ = {isa = PBXBuildFile; fileRef = AA79DEAC2903363B00905FEF /* TextAlignmentButton.swift */; };
		AA79DEB1290343E200905FEF /* RectsUnion.swift in Sources */ = {isa = PBXBuildFile; fileRef = AA79DEB0290343E200905FEF /* RectsUnion.swift */; };
		AA79DEB329034CCD00905FEF /* UIColor+Pair.swift in Sources */ = {isa = PBXBuildFile; fileRef = AA79DEB229034CCD00905FEF /* UIColor+Pair.swift */; };
		AA79DEB72903E80400905FEF /* OutlineableTextView.swift in Sources */ = {isa = PBXBuildFile; fileRef = AA79DEB62903E80400905FEF /* OutlineableTextView.swift */; };
		AA79DEB9290B065C00905FEF /* GesturesOverlay.swift in Sources */ = {isa = PBXBuildFile; fileRef = AA79DEB8290B065C00905FEF /* GesturesOverlay.swift */; };
		AA79DEBB290DD4C100905FEF /* UIApplication+Ex.swift in Sources */ = {isa = PBXBuildFile; fileRef = AA79DEBA290DD4C100905FEF /* UIApplication+Ex.swift */; };
		AA79DEC0290EEF8900905FEF /* ImageDetailAnimator.swift in Sources */ = {isa = PBXBuildFile; fileRef = AA79DEBF290EEF8900905FEF /* ImageDetailAnimator.swift */; };
		AA79DEC6290F06B900905FEF /* ImageDetailTransition.swift in Sources */ = {isa = PBXBuildFile; fileRef = AA79DEC5290F06B900905FEF /* ImageDetailTransition.swift */; };
		AAA335CC28F6CCE100B86B89 /* GalleryViewController.swift in Sources */ = {isa = PBXBuildFile; fileRef = AAA335CB28F6CCE100B86B89 /* GalleryViewController.swift */; };
		AAA335CE28F6CE6F00B86B89 /* ImageCell.swift in Sources */ = {isa = PBXBuildFile; fileRef = AAA335CD28F6CE6F00B86B89 /* ImageCell.swift */; };
		AAAB481E28F70891008373CB /* PhotoPermissionOverlay.swift in Sources */ = {isa = PBXBuildFile; fileRef = AAAB481D28F70891008373CB /* PhotoPermissionOverlay.swift */; };
		AAAB482328F96A8F008373CB /* EditToolbar.swift in Sources */ = {isa = PBXBuildFile; fileRef = AAAB482228F96A8F008373CB /* EditToolbar.swift */; };
		AAAB482628F96B76008373CB /* UIControl+Ex.swift in Sources */ = {isa = PBXBuildFile; fileRef = AAAB482528F96B76008373CB /* UIControl+Ex.swift */; };
		AAAB482928F97F82008373CB /* Array+Zip3.swift in Sources */ = {isa = PBXBuildFile; fileRef = AAAB482828F97F82008373CB /* Array+Zip3.swift */; };
		AAAB482C28F982BB008373CB /* UIEdgeInsets+Ex.swift in Sources */ = {isa = PBXBuildFile; fileRef = AAAB482B28F982BB008373CB /* UIEdgeInsets+Ex.swift */; };
		AAAB482E28F9A99D008373CB /* ToolView.swift in Sources */ = {isa = PBXBuildFile; fileRef = AAAB482D28F9A99D008373CB /* ToolView.swift */; };
		AAAB483128F9C876008373CB /* ToolsContainer.swift in Sources */ = {isa = PBXBuildFile; fileRef = AAAB483028F9C876008373CB /* ToolsContainer.swift */; };
		AAAB483328FAD13A008373CB /* CorneredSegmentedControl.swift in Sources */ = {isa = PBXBuildFile; fileRef = AAAB483228FAD13A008373CB /* CorneredSegmentedControl.swift */; };
		AAAB483528FAD161008373CB /* ColourPickerCirlce.swift in Sources */ = {isa = PBXBuildFile; fileRef = AAAB483428FAD161008373CB /* ColourPickerCirlce.swift */; };
		AAAB483728FB14D8008373CB /* TestVC.swift in Sources */ = {isa = PBXBuildFile; fileRef = AAAB483628FB14D8008373CB /* TestVC.swift */; };
		AAAB483928FB533D008373CB /* BackOrCancelButton.swift in Sources */ = {isa = PBXBuildFile; fileRef = AAAB483828FB533D008373CB /* BackOrCancelButton.swift */; };
		AAAB483B28FB6022008373CB /* ToolSlider.swift in Sources */ = {isa = PBXBuildFile; fileRef = AAAB483A28FB6022008373CB /* ToolSlider.swift */; };
		AAAB484128FC4E54008373CB /* ToolShapeSelector.swift in Sources */ = {isa = PBXBuildFile; fileRef = AAAB484028FC4E54008373CB /* ToolShapeSelector.swift */; };
		AAAB484328FC58FC008373CB /* PopupMenu.swift in Sources */ = {isa = PBXBuildFile; fileRef = AAAB484228FC58FC008373CB /* PopupMenu.swift */; };
		AAAB484628FC76AB008373CB /* ColourPickerButton.swift in Sources */ = {isa = PBXBuildFile; fileRef = AAAB484528FC76AB008373CB /* ColourPickerButton.swift */; };
		FA046EE528F54B23002D5023 /* AppDelegate.swift in Sources */ = {isa = PBXBuildFile; fileRef = FA046EE428F54B23002D5023 /* AppDelegate.swift */; };
		FA046EE928F54B23002D5023 /* ViewController.swift in Sources */ = {isa = PBXBuildFile; fileRef = FA046EE828F54B23002D5023 /* ViewController.swift */; };
		FA046EEE28F54B25002D5023 /* Assets.xcassets in Resources */ = {isa = PBXBuildFile; fileRef = FA046EED28F54B25002D5023 /* Assets.xcassets */; };
		FA046EF128F54B25002D5023 /* LaunchScreen.storyboard in Resources */ = {isa = PBXBuildFile; fileRef = FA046EEF28F54B25002D5023 /* LaunchScreen.storyboard */; };
		FA046EFF28F558DF002D5023 /* UIView+Ex.swift in Sources */ = {isa = PBXBuildFile; fileRef = FA046EFE28F558DF002D5023 /* UIView+Ex.swift */; };
		FA046F0128F55953002D5023 /* Extensions.swift in Sources */ = {isa = PBXBuildFile; fileRef = FA046F0028F55953002D5023 /* Extensions.swift */; };
		FA046F0328F55987002D5023 /* UIColor+Ex.swift in Sources */ = {isa = PBXBuildFile; fileRef = FA046F0228F55987002D5023 /* UIColor+Ex.swift */; };
		FA046F0528F56996002D5023 /* PHPhotoLibrary+Ex.swift in Sources */ = {isa = PBXBuildFile; fileRef = FA046F0428F56996002D5023 /* PHPhotoLibrary+Ex.swift */; };
		FA046F0728F569BE002D5023 /* GlobalFunctions.swift in Sources */ = {isa = PBXBuildFile; fileRef = FA046F0628F569BE002D5023 /* GlobalFunctions.swift */; };
		FA39D93A28F7FE1900CBA7A4 /* PHImageManager+Ex.swift in Sources */ = {isa = PBXBuildFile; fileRef = FA39D93928F7FE1900CBA7A4 /* PHImageManager+Ex.swift */; };
		FA4BF3D428F6A4E800592051 /* EditVC.swift in Sources */ = {isa = PBXBuildFile; fileRef = FA4BF3D328F6A4E800592051 /* EditVC.swift */; };
		FA4BF3D628F6A80100592051 /* UIImage+Ex.swift in Sources */ = {isa = PBXBuildFile; fileRef = FA4BF3D528F6A80100592051 /* UIImage+Ex.swift */; };
		FA4BF3D828F6AAC700592051 /* ZoomScrollView.swift in Sources */ = {isa = PBXBuildFile; fileRef = FA4BF3D728F6AAC700592051 /* ZoomScrollView.swift */; };
		FA4BF3DB28F6B42400592051 /* Lottie in Frameworks */ = {isa = PBXBuildFile; productRef = FA4BF3DA28F6B42400592051 /* Lottie */; };
		FACBB876290A72D3005B6941 /* ToolDrawer.swift in Sources */ = {isa = PBXBuildFile; fileRef = FACBB875290A72D3005B6941 /* ToolDrawer.swift */; };
		FACBB87A290A791A005B6941 /* MarkerDrawer.swift in Sources */ = {isa = PBXBuildFile; fileRef = FACBB879290A791A005B6941 /* MarkerDrawer.swift */; };
		FACBB87C290AAE52005B6941 /* Bezier.swift in Sources */ = {isa = PBXBuildFile; fileRef = FACBB87B290AAE52005B6941 /* Bezier.swift */; };
		FACBB87E290BBCD3005B6941 /* NeonDrawer.swift in Sources */ = {isa = PBXBuildFile; fileRef = FACBB87D290BBCD2005B6941 /* NeonDrawer.swift */; };
		FACBB880290BD0EC005B6941 /* PencilDrawer.swift in Sources */ = {isa = PBXBuildFile; fileRef = FACBB87F290BD0EC005B6941 /* PencilDrawer.swift */; };
		FACBB882290BFA1F005B6941 /* ToolDefaults.swift in Sources */ = {isa = PBXBuildFile; fileRef = FACBB881290BFA1F005B6941 /* ToolDefaults.swift */; };
		FACBB884290C0DE6005B6941 /* EraserDrawer.swift in Sources */ = {isa = PBXBuildFile; fileRef = FACBB883290C0DE6005B6941 /* EraserDrawer.swift */; };
		FACBB886290D0A5D005B6941 /* UIView+Blur.swift in Sources */ = {isa = PBXBuildFile; fileRef = FACBB885290D0A5D005B6941 /* UIView+Blur.swift */; };
		FACBB8A8290D5F96005B6941 /* ShapeLayerHitDetector.swift in Sources */ = {isa = PBXBuildFile; fileRef = FACBB8A7290D5F96005B6941 /* ShapeLayerHitDetector.swift */; };
		FACBB8AA290D7733005B6941 /* DemoToolSizeView.swift in Sources */ = {isa = PBXBuildFile; fileRef = FACBB8A9290D7733005B6941 /* DemoToolSizeView.swift */; };
		FACE5BD3290057C600960A48 /* PenPlume.swift in Sources */ = {isa = PBXBuildFile; fileRef = FACE5BD2290057C600960A48 /* PenPlume.swift */; };
		FACE5BD5290147EF00960A48 /* DisplayLinkAnimator.swift in Sources */ = {isa = PBXBuildFile; fileRef = FACE5BD4290147EF00960A48 /* DisplayLinkAnimator.swift */; };
		FACE5BD7290151DE00960A48 /* ToolDrawSplitOptimizer.swift in Sources */ = {isa = PBXBuildFile; fileRef = FACE5BD6290151DE00960A48 /* ToolDrawSplitOptimizer.swift */; };
		FACE5BDB2902D13200960A48 /* ColorPickerVC.swift in Sources */ = {isa = PBXBuildFile; fileRef = FACE5BD92902D13200960A48 /* ColorPickerVC.swift */; };
		FACE5BDC2902D13200960A48 /* ColorPickerVC.xib in Resources */ = {isa = PBXBuildFile; fileRef = FACE5BDA2902D13200960A48 /* ColorPickerVC.xib */; };
		FACE5BDE2902E75E00960A48 /* ColorGridView.swift in Sources */ = {isa = PBXBuildFile; fileRef = FACE5BDD2902E75E00960A48 /* ColorGridView.swift */; };
		FADCE20B2903DFBB00E92CD9 /* ColorSpectrumView.swift in Sources */ = {isa = PBXBuildFile; fileRef = FADCE20A2903DFBB00E92CD9 /* ColorSpectrumView.swift */; };
		FADCE20D290430FF00E92CD9 /* ColorSlidersView.swift in Sources */ = {isa = PBXBuildFile; fileRef = FADCE20C290430FF00E92CD9 /* ColorSlidersView.swift */; };
		FADCE20F290536EC00E92CD9 /* ColorSlider.swift in Sources */ = {isa = PBXBuildFile; fileRef = FADCE20E290536EC00E92CD9 /* ColorSlider.swift */; };
		FADCE211290540F300E92CD9 /* ValueLabel.swift in Sources */ = {isa = PBXBuildFile; fileRef = FADCE210290540F300E92CD9 /* ValueLabel.swift */; };
		FADCE2132905424400E92CD9 /* ColorSlidersView.xib in Resources */ = {isa = PBXBuildFile; fileRef = FADCE2122905424400E92CD9 /* ColorSlidersView.xib */; };
		FADCE2192906AFE400E92CD9 /* FavoriteColorsView.swift in Sources */ = {isa = PBXBuildFile; fileRef = FADCE2182906AFE400E92CD9 /* FavoriteColorsView.swift */; };
		FADCE21C2907FDAA00E92CD9 /* ColorContentPicker.swift in Sources */ = {isa = PBXBuildFile; fileRef = FADCE21B2907FDA900E92CD9 /* ColorContentPicker.swift */; };
		FADCE21F290921F800E92CD9 /* History.swift in Sources */ = {isa = PBXBuildFile; fileRef = FADCE21E290921F800E92CD9 /* History.swift */; };
		FADCE22129092F3400E92CD9 /* LayerContainer.swift in Sources */ = {isa = PBXBuildFile; fileRef = FADCE22029092F3400E92CD9 /* LayerContainer.swift */; };
		FADCE2232909568F00E92CD9 /* EditNavBar.swift in Sources */ = {isa = PBXBuildFile; fileRef = FADCE2222909568F00E92CD9 /* EditNavBar.swift */; };
		FAEDF41828F9B7BF00094ADF /* PenDrawer.swift in Sources */ = {isa = PBXBuildFile; fileRef = FAEDF41728F9B7BF00094ADF /* PenDrawer.swift */; };
		FAEDF41B28F9F49200094ADF /* ToolCurveGenerator.swift in Sources */ = {isa = PBXBuildFile; fileRef = FAEDF41A28F9F49200094ADF /* ToolCurveGenerator.swift */; };
		FAEDF42328FB3D7900094ADF /* GausianSmooth.swift in Sources */ = {isa = PBXBuildFile; fileRef = FAEDF42228FB3D7900094ADF /* GausianSmooth.swift */; };
		FAEDF42528FC082F00094ADF /* PanSmoothIK.swift in Sources */ = {isa = PBXBuildFile; fileRef = FAEDF42428FC082F00094ADF /* PanSmoothIK.swift */; };
/* End PBXBuildFile section */

/* Begin PBXFileReference section */
		AA77710E28FC891600CF73C0 /* PassthroughView.swift */ = {isa = PBXFileReference; lastKnownFileType = sourcecode.swift; path = PassthroughView.swift; sourceTree = "<group>"; };
		AA79DE9E28FF4BF400905FEF /* TextEditPanel.swift */ = {isa = PBXFileReference; lastKnownFileType = sourcecode.swift; path = TextEditPanel.swift; sourceTree = "<group>"; };
		AA79DEA128FF4EF400905FEF /* GradientView.swift */ = {isa = PBXFileReference; lastKnownFileType = sourcecode.swift; path = GradientView.swift; sourceTree = "<group>"; };
		AA79DEA329000CB000905FEF /* TextViewEditingOverlay.swift */ = {isa = PBXFileReference; lastKnownFileType = sourcecode.swift; path = TextViewEditingOverlay.swift; sourceTree = "<group>"; };
		AA79DEAA290320BE00905FEF /* FontsSelector.swift */ = {isa = PBXFileReference; lastKnownFileType = sourcecode.swift; path = FontsSelector.swift; sourceTree = "<group>"; };
		AA79DEAC2903363B00905FEF /* TextAlignmentButton.swift */ = {isa = PBXFileReference; lastKnownFileType = sourcecode.swift; path = TextAlignmentButton.swift; sourceTree = "<group>"; };
		AA79DEB0290343E200905FEF /* RectsUnion.swift */ = {isa = PBXFileReference; lastKnownFileType = sourcecode.swift; path = RectsUnion.swift; sourceTree = "<group>"; };
		AA79DEB229034CCD00905FEF /* UIColor+Pair.swift */ = {isa = PBXFileReference; lastKnownFileType = sourcecode.swift; path = "UIColor+Pair.swift"; sourceTree = "<group>"; };
		AA79DEB62903E80400905FEF /* OutlineableTextView.swift */ = {isa = PBXFileReference; lastKnownFileType = sourcecode.swift; path = OutlineableTextView.swift; sourceTree = "<group>"; };
		AA79DEB8290B065C00905FEF /* GesturesOverlay.swift */ = {isa = PBXFileReference; lastKnownFileType = sourcecode.swift; path = GesturesOverlay.swift; sourceTree = "<group>"; };
		AA79DEBA290DD4C100905FEF /* UIApplication+Ex.swift */ = {isa = PBXFileReference; lastKnownFileType = sourcecode.swift; path = "UIApplication+Ex.swift"; sourceTree = "<group>"; };
		AA79DEBF290EEF8900905FEF /* ImageDetailAnimator.swift */ = {isa = PBXFileReference; lastKnownFileType = sourcecode.swift; path = ImageDetailAnimator.swift; sourceTree = "<group>"; };
		AA79DEC5290F06B900905FEF /* ImageDetailTransition.swift */ = {isa = PBXFileReference; fileEncoding = 4; lastKnownFileType = sourcecode.swift; path = ImageDetailTransition.swift; sourceTree = "<group>"; };
		AAA335CB28F6CCE100B86B89 /* GalleryViewController.swift */ = {isa = PBXFileReference; lastKnownFileType = sourcecode.swift; path = GalleryViewController.swift; sourceTree = "<group>"; };
		AAA335CD28F6CE6F00B86B89 /* ImageCell.swift */ = {isa = PBXFileReference; lastKnownFileType = sourcecode.swift; path = ImageCell.swift; sourceTree = "<group>"; };
		AAAB481D28F70891008373CB /* PhotoPermissionOverlay.swift */ = {isa = PBXFileReference; lastKnownFileType = sourcecode.swift; path = PhotoPermissionOverlay.swift; sourceTree = "<group>"; };
		AAAB482228F96A8F008373CB /* EditToolbar.swift */ = {isa = PBXFileReference; lastKnownFileType = sourcecode.swift; path = EditToolbar.swift; sourceTree = "<group>"; };
		AAAB482528F96B76008373CB /* UIControl+Ex.swift */ = {isa = PBXFileReference; lastKnownFileType = sourcecode.swift; path = "UIControl+Ex.swift"; sourceTree = "<group>"; };
		AAAB482828F97F82008373CB /* Array+Zip3.swift */ = {isa = PBXFileReference; lastKnownFileType = sourcecode.swift; path = "Array+Zip3.swift"; sourceTree = "<group>"; };
		AAAB482B28F982BB008373CB /* UIEdgeInsets+Ex.swift */ = {isa = PBXFileReference; lastKnownFileType = sourcecode.swift; path = "UIEdgeInsets+Ex.swift"; sourceTree = "<group>"; };
		AAAB482D28F9A99D008373CB /* ToolView.swift */ = {isa = PBXFileReference; lastKnownFileType = sourcecode.swift; path = ToolView.swift; sourceTree = "<group>"; };
		AAAB483028F9C876008373CB /* ToolsContainer.swift */ = {isa = PBXFileReference; lastKnownFileType = sourcecode.swift; path = ToolsContainer.swift; sourceTree = "<group>"; };
		AAAB483228FAD13A008373CB /* CorneredSegmentedControl.swift */ = {isa = PBXFileReference; lastKnownFileType = sourcecode.swift; path = CorneredSegmentedControl.swift; sourceTree = "<group>"; };
		AAAB483428FAD161008373CB /* ColourPickerCirlce.swift */ = {isa = PBXFileReference; lastKnownFileType = sourcecode.swift; path = ColourPickerCirlce.swift; sourceTree = "<group>"; };
		AAAB483628FB14D8008373CB /* TestVC.swift */ = {isa = PBXFileReference; lastKnownFileType = sourcecode.swift; path = TestVC.swift; sourceTree = "<group>"; };
		AAAB483828FB533D008373CB /* BackOrCancelButton.swift */ = {isa = PBXFileReference; lastKnownFileType = sourcecode.swift; path = BackOrCancelButton.swift; sourceTree = "<group>"; };
		AAAB483A28FB6022008373CB /* ToolSlider.swift */ = {isa = PBXFileReference; lastKnownFileType = sourcecode.swift; path = ToolSlider.swift; sourceTree = "<group>"; };
		AAAB484028FC4E54008373CB /* ToolShapeSelector.swift */ = {isa = PBXFileReference; lastKnownFileType = sourcecode.swift; path = ToolShapeSelector.swift; sourceTree = "<group>"; };
		AAAB484228FC58FC008373CB /* PopupMenu.swift */ = {isa = PBXFileReference; lastKnownFileType = sourcecode.swift; path = PopupMenu.swift; sourceTree = "<group>"; };
		AAAB484528FC76AB008373CB /* ColourPickerButton.swift */ = {isa = PBXFileReference; lastKnownFileType = sourcecode.swift; path = ColourPickerButton.swift; sourceTree = "<group>"; };
		FA046EE128F54B23002D5023 /* TelegramMediaEditing.app */ = {isa = PBXFileReference; explicitFileType = wrapper.application; includeInIndex = 0; path = TelegramMediaEditing.app; sourceTree = BUILT_PRODUCTS_DIR; };
		FA046EE428F54B23002D5023 /* AppDelegate.swift */ = {isa = PBXFileReference; lastKnownFileType = sourcecode.swift; path = AppDelegate.swift; sourceTree = "<group>"; };
		FA046EE828F54B23002D5023 /* ViewController.swift */ = {isa = PBXFileReference; lastKnownFileType = sourcecode.swift; path = ViewController.swift; sourceTree = "<group>"; };
		FA046EED28F54B25002D5023 /* Assets.xcassets */ = {isa = PBXFileReference; lastKnownFileType = folder.assetcatalog; path = Assets.xcassets; sourceTree = "<group>"; };
		FA046EF028F54B25002D5023 /* Base */ = {isa = PBXFileReference; lastKnownFileType = file.storyboard; name = Base; path = Base.lproj/LaunchScreen.storyboard; sourceTree = "<group>"; };
		FA046EF228F54B25002D5023 /* Info.plist */ = {isa = PBXFileReference; lastKnownFileType = text.plist.xml; path = Info.plist; sourceTree = "<group>"; };
		FA046EFE28F558DF002D5023 /* UIView+Ex.swift */ = {isa = PBXFileReference; lastKnownFileType = sourcecode.swift; path = "UIView+Ex.swift"; sourceTree = "<group>"; };
		FA046F0028F55953002D5023 /* Extensions.swift */ = {isa = PBXFileReference; lastKnownFileType = sourcecode.swift; path = Extensions.swift; sourceTree = "<group>"; };
		FA046F0228F55987002D5023 /* UIColor+Ex.swift */ = {isa = PBXFileReference; lastKnownFileType = sourcecode.swift; path = "UIColor+Ex.swift"; sourceTree = "<group>"; };
		FA046F0428F56996002D5023 /* PHPhotoLibrary+Ex.swift */ = {isa = PBXFileReference; lastKnownFileType = sourcecode.swift; path = "PHPhotoLibrary+Ex.swift"; sourceTree = "<group>"; };
		FA046F0628F569BE002D5023 /* GlobalFunctions.swift */ = {isa = PBXFileReference; fileEncoding = 4; lastKnownFileType = sourcecode.swift; path = GlobalFunctions.swift; sourceTree = "<group>"; };
		FA39D93928F7FE1900CBA7A4 /* PHImageManager+Ex.swift */ = {isa = PBXFileReference; lastKnownFileType = sourcecode.swift; path = "PHImageManager+Ex.swift"; sourceTree = "<group>"; };
		FA4BF3D328F6A4E800592051 /* EditVC.swift */ = {isa = PBXFileReference; lastKnownFileType = sourcecode.swift; path = EditVC.swift; sourceTree = "<group>"; };
		FA4BF3D528F6A80100592051 /* UIImage+Ex.swift */ = {isa = PBXFileReference; lastKnownFileType = sourcecode.swift; path = "UIImage+Ex.swift"; sourceTree = "<group>"; };
		FA4BF3D728F6AAC700592051 /* ZoomScrollView.swift */ = {isa = PBXFileReference; lastKnownFileType = sourcecode.swift; path = ZoomScrollView.swift; sourceTree = "<group>"; };
		FACBB875290A72D3005B6941 /* ToolDrawer.swift */ = {isa = PBXFileReference; lastKnownFileType = sourcecode.swift; path = ToolDrawer.swift; sourceTree = "<group>"; };
		FACBB879290A791A005B6941 /* MarkerDrawer.swift */ = {isa = PBXFileReference; lastKnownFileType = sourcecode.swift; path = MarkerDrawer.swift; sourceTree = "<group>"; };
		FACBB87B290AAE52005B6941 /* Bezier.swift */ = {isa = PBXFileReference; lastKnownFileType = sourcecode.swift; path = Bezier.swift; sourceTree = "<group>"; };
		FACBB87D290BBCD2005B6941 /* NeonDrawer.swift */ = {isa = PBXFileReference; lastKnownFileType = sourcecode.swift; path = NeonDrawer.swift; sourceTree = "<group>"; };
		FACBB87F290BD0EC005B6941 /* PencilDrawer.swift */ = {isa = PBXFileReference; lastKnownFileType = sourcecode.swift; path = PencilDrawer.swift; sourceTree = "<group>"; };
		FACBB881290BFA1F005B6941 /* ToolDefaults.swift */ = {isa = PBXFileReference; lastKnownFileType = sourcecode.swift; path = ToolDefaults.swift; sourceTree = "<group>"; };
		FACBB883290C0DE6005B6941 /* EraserDrawer.swift */ = {isa = PBXFileReference; lastKnownFileType = sourcecode.swift; path = EraserDrawer.swift; sourceTree = "<group>"; };
		FACBB885290D0A5D005B6941 /* UIView+Blur.swift */ = {isa = PBXFileReference; lastKnownFileType = sourcecode.swift; path = "UIView+Blur.swift"; sourceTree = "<group>"; };
		FACBB8A7290D5F96005B6941 /* ShapeLayerHitDetector.swift */ = {isa = PBXFileReference; lastKnownFileType = sourcecode.swift; path = ShapeLayerHitDetector.swift; sourceTree = "<group>"; };
		FACBB8A9290D7733005B6941 /* DemoToolSizeView.swift */ = {isa = PBXFileReference; lastKnownFileType = sourcecode.swift; path = DemoToolSizeView.swift; sourceTree = "<group>"; };
		FACE5BD2290057C600960A48 /* PenPlume.swift */ = {isa = PBXFileReference; lastKnownFileType = sourcecode.swift; path = PenPlume.swift; sourceTree = "<group>"; };
		FACE5BD4290147EF00960A48 /* DisplayLinkAnimator.swift */ = {isa = PBXFileReference; lastKnownFileType = sourcecode.swift; path = DisplayLinkAnimator.swift; sourceTree = "<group>"; };
		FACE5BD6290151DE00960A48 /* ToolDrawSplitOptimizer.swift */ = {isa = PBXFileReference; lastKnownFileType = sourcecode.swift; path = ToolDrawSplitOptimizer.swift; sourceTree = "<group>"; };
		FACE5BD92902D13200960A48 /* ColorPickerVC.swift */ = {isa = PBXFileReference; lastKnownFileType = sourcecode.swift; path = ColorPickerVC.swift; sourceTree = "<group>"; };
		FACE5BDA2902D13200960A48 /* ColorPickerVC.xib */ = {isa = PBXFileReference; lastKnownFileType = file.xib; path = ColorPickerVC.xib; sourceTree = "<group>"; };
		FACE5BDD2902E75E00960A48 /* ColorGridView.swift */ = {isa = PBXFileReference; lastKnownFileType = sourcecode.swift; path = ColorGridView.swift; sourceTree = "<group>"; };
		FADCE20A2903DFBB00E92CD9 /* ColorSpectrumView.swift */ = {isa = PBXFileReference; lastKnownFileType = sourcecode.swift; path = ColorSpectrumView.swift; sourceTree = "<group>"; };
		FADCE20C290430FF00E92CD9 /* ColorSlidersView.swift */ = {isa = PBXFileReference; lastKnownFileType = sourcecode.swift; path = ColorSlidersView.swift; sourceTree = "<group>"; };
		FADCE20E290536EC00E92CD9 /* ColorSlider.swift */ = {isa = PBXFileReference; lastKnownFileType = sourcecode.swift; path = ColorSlider.swift; sourceTree = "<group>"; };
		FADCE210290540F300E92CD9 /* ValueLabel.swift */ = {isa = PBXFileReference; lastKnownFileType = sourcecode.swift; path = ValueLabel.swift; sourceTree = "<group>"; };
		FADCE2122905424400E92CD9 /* ColorSlidersView.xib */ = {isa = PBXFileReference; lastKnownFileType = file.xib; path = ColorSlidersView.xib; sourceTree = "<group>"; };
		FADCE2182906AFE400E92CD9 /* FavoriteColorsView.swift */ = {isa = PBXFileReference; lastKnownFileType = sourcecode.swift; path = FavoriteColorsView.swift; sourceTree = "<group>"; };
		FADCE21B2907FDA900E92CD9 /* ColorContentPicker.swift */ = {isa = PBXFileReference; lastKnownFileType = sourcecode.swift; path = ColorContentPicker.swift; sourceTree = "<group>"; };
		FADCE21E290921F800E92CD9 /* History.swift */ = {isa = PBXFileReference; lastKnownFileType = sourcecode.swift; path = History.swift; sourceTree = "<group>"; };
		FADCE22029092F3400E92CD9 /* LayerContainer.swift */ = {isa = PBXFileReference; lastKnownFileType = sourcecode.swift; path = LayerContainer.swift; sourceTree = "<group>"; };
		FADCE2222909568F00E92CD9 /* EditNavBar.swift */ = {isa = PBXFileReference; lastKnownFileType = sourcecode.swift; path = EditNavBar.swift; sourceTree = "<group>"; };
		FAEDF41728F9B7BF00094ADF /* PenDrawer.swift */ = {isa = PBXFileReference; lastKnownFileType = sourcecode.swift; path = PenDrawer.swift; sourceTree = "<group>"; };
		FAEDF41A28F9F49200094ADF /* ToolCurveGenerator.swift */ = {isa = PBXFileReference; lastKnownFileType = sourcecode.swift; path = ToolCurveGenerator.swift; sourceTree = "<group>"; };
		FAEDF42228FB3D7900094ADF /* GausianSmooth.swift */ = {isa = PBXFileReference; lastKnownFileType = sourcecode.swift; path = GausianSmooth.swift; sourceTree = "<group>"; };
		FAEDF42428FC082F00094ADF /* PanSmoothIK.swift */ = {isa = PBXFileReference; lastKnownFileType = sourcecode.swift; path = PanSmoothIK.swift; sourceTree = "<group>"; };
/* End PBXFileReference section */

/* Begin PBXFrameworksBuildPhase section */
		FA046EDE28F54B23002D5023 /* Frameworks */ = {
			isa = PBXFrameworksBuildPhase;
			buildActionMask = 2147483647;
			files = (
				FA4BF3DB28F6B42400592051 /* Lottie in Frameworks */,
			);
			runOnlyForDeploymentPostprocessing = 0;
		};
/* End PBXFrameworksBuildPhase section */

/* Begin PBXGroup section */
		AA79DE9D28FF4BE800905FEF /* TextEdit */ = {
			isa = PBXGroup;
			children = (
				AA79DE9E28FF4BF400905FEF /* TextEditPanel.swift */,
				AA79DEAA290320BE00905FEF /* FontsSelector.swift */,
				AA79DEA329000CB000905FEF /* TextViewEditingOverlay.swift */,
				AA79DEAC2903363B00905FEF /* TextAlignmentButton.swift */,
				AA79DEB0290343E200905FEF /* RectsUnion.swift */,
				AA79DEB229034CCD00905FEF /* UIColor+Pair.swift */,
				AA79DEB62903E80400905FEF /* OutlineableTextView.swift */,
			);
			path = TextEdit;
			sourceTree = "<group>";
		};
		AA79DEBC290EEF4C00905FEF /* Transition */ = {
			isa = PBXGroup;
			children = (
				AA79DEC5290F06B900905FEF /* ImageDetailTransition.swift */,
				AA79DEBF290EEF8900905FEF /* ImageDetailAnimator.swift */,
			);
			path = Transition;
			sourceTree = "<group>";
		};
		AAA335CA28F6CCC100B86B89 /* Gallery */ = {
			isa = PBXGroup;
			children = (
				AA79DEBC290EEF4C00905FEF /* Transition */,
				AAAB481D28F70891008373CB /* PhotoPermissionOverlay.swift */,
				AAA335CB28F6CCE100B86B89 /* GalleryViewController.swift */,
				AAA335CD28F6CE6F00B86B89 /* ImageCell.swift */,
			);
			path = Gallery;
			sourceTree = "<group>";
		};
		AAAB482128F96A82008373CB /* Controls */ = {
			isa = PBXGroup;
			children = (
				AA79DE9D28FF4BE800905FEF /* TextEdit */,
				FACBB881290BFA1F005B6941 /* ToolDefaults.swift */,
				AAAB482228F96A8F008373CB /* EditToolbar.swift */,
				AAAB483828FB533D008373CB /* BackOrCancelButton.swift */,
				AAAB482D28F9A99D008373CB /* ToolView.swift */,
				AAAB483028F9C876008373CB /* ToolsContainer.swift */,
				AAAB483228FAD13A008373CB /* CorneredSegmentedControl.swift */,
				AAAB484528FC76AB008373CB /* ColourPickerButton.swift */,
				AAAB483428FAD161008373CB /* ColourPickerCirlce.swift */,
				FACBB8A9290D7733005B6941 /* DemoToolSizeView.swift */,
				AAAB483628FB14D8008373CB /* TestVC.swift */,
				AAAB483A28FB6022008373CB /* ToolSlider.swift */,
				AAAB484028FC4E54008373CB /* ToolShapeSelector.swift */,
				AAAB484228FC58FC008373CB /* PopupMenu.swift */,
				AA77710E28FC891600CF73C0 /* PassthroughView.swift */,
				AA79DEA128FF4EF400905FEF /* GradientView.swift */,
				FADCE2222909568F00E92CD9 /* EditNavBar.swift */,
			);
			path = Controls;
			sourceTree = "<group>";
		};
		FA046ED828F54B23002D5023 = {
			isa = PBXGroup;
			children = (
				FA046EE328F54B23002D5023 /* TelegramMediaEditing */,
				FA046EE228F54B23002D5023 /* Products */,
			);
			sourceTree = "<group>";
		};
		FA046EE228F54B23002D5023 /* Products */ = {
			isa = PBXGroup;
			children = (
				FA046EE128F54B23002D5023 /* TelegramMediaEditing.app */,
			);
			name = Products;
			sourceTree = "<group>";
		};
		FA046EE328F54B23002D5023 /* TelegramMediaEditing */ = {
			isa = PBXGroup;
			children = (
				FA046EE428F54B23002D5023 /* AppDelegate.swift */,
				FA046EE828F54B23002D5023 /* ViewController.swift */,
				FA4BF3D228F6A41E00592051 /* EditMedia */,
				AAA335CA28F6CCC100B86B89 /* Gallery */,
				FA046EFB28F5586F002D5023 /* Utils */,
				FA046EED28F54B25002D5023 /* Assets.xcassets */,
				FA046EEF28F54B25002D5023 /* LaunchScreen.storyboard */,
				FA046EF228F54B25002D5023 /* Info.plist */,
			);
			path = TelegramMediaEditing;
			sourceTree = "<group>";
		};
		FA046EFB28F5586F002D5023 /* Utils */ = {
			isa = PBXGroup;
			children = (
				FA046F0428F56996002D5023 /* PHPhotoLibrary+Ex.swift */,
				FA39D93928F7FE1900CBA7A4 /* PHImageManager+Ex.swift */,
				FA046F0628F569BE002D5023 /* GlobalFunctions.swift */,
				FA046EFE28F558DF002D5023 /* UIView+Ex.swift */,
				FACBB885290D0A5D005B6941 /* UIView+Blur.swift */,
				FA046F0028F55953002D5023 /* Extensions.swift */,
				FA4BF3D528F6A80100592051 /* UIImage+Ex.swift */,
				FA046F0228F55987002D5023 /* UIColor+Ex.swift */,
				AAAB482528F96B76008373CB /* UIControl+Ex.swift */,
				AAAB482828F97F82008373CB /* Array+Zip3.swift */,
				AAAB482B28F982BB008373CB /* UIEdgeInsets+Ex.swift */,
				FACE5BD4290147EF00960A48 /* DisplayLinkAnimator.swift */,
			);
			path = Utils;
			sourceTree = "<group>";
		};
		FA4BF3D228F6A41E00592051 /* EditMedia */ = {
			isa = PBXGroup;
			children = (
				FADCE21D29091E1000E92CD9 /* History */,
				FACE5BD82902D11C00960A48 /* ColorPicker */,
				AAAB482128F96A82008373CB /* Controls */,
				FACBB877290A72D8005B6941 /* Draw */,
				FA4BF3D328F6A4E800592051 /* EditVC.swift */,
				FA4BF3D728F6AAC700592051 /* ZoomScrollView.swift */,
				AA79DEB8290B065C00905FEF /* GesturesOverlay.swift */,
			);
			path = EditMedia;
			sourceTree = "<group>";
		};
		FACBB877290A72D8005B6941 /* Draw */ = {
			isa = PBXGroup;
			children = (
				FACBB878290A74C3005B6941 /* Common */,
				FAEDF41728F9B7BF00094ADF /* PenDrawer.swift */,
				FACBB879290A791A005B6941 /* MarkerDrawer.swift */,
				FACBB87D290BBCD2005B6941 /* NeonDrawer.swift */,
				FACBB87F290BD0EC005B6941 /* PencilDrawer.swift */,
				FACBB883290C0DE6005B6941 /* EraserDrawer.swift */,
			);
			path = Draw;
			sourceTree = "<group>";
		};
		FACBB878290A74C3005B6941 /* Common */ = {
			isa = PBXGroup;
			children = (
				FACBB875290A72D3005B6941 /* ToolDrawer.swift */,
				FAEDF41A28F9F49200094ADF /* ToolCurveGenerator.swift */,
				FAEDF42228FB3D7900094ADF /* GausianSmooth.swift */,
				FAEDF42428FC082F00094ADF /* PanSmoothIK.swift */,
				FACE5BD2290057C600960A48 /* PenPlume.swift */,
				FACE5BD6290151DE00960A48 /* ToolDrawSplitOptimizer.swift */,
				FACBB87B290AAE52005B6941 /* Bezier.swift */,
				FACBB8A7290D5F96005B6941 /* ShapeLayerHitDetector.swift */,
			);
			path = Common;
			sourceTree = "<group>";
		};
		FACE5BD82902D11C00960A48 /* ColorPicker */ = {
			isa = PBXGroup;
			children = (
				FADCE21A2907FD5300E92CD9 /* ColorContentPicker */,
				FACE5BD92902D13200960A48 /* ColorPickerVC.swift */,
				FACE5BDA2902D13200960A48 /* ColorPickerVC.xib */,
				FACE5BDD2902E75E00960A48 /* ColorGridView.swift */,
				FADCE20A2903DFBB00E92CD9 /* ColorSpectrumView.swift */,
				FADCE20C290430FF00E92CD9 /* ColorSlidersView.swift */,
				FADCE2122905424400E92CD9 /* ColorSlidersView.xib */,
				FADCE20E290536EC00E92CD9 /* ColorSlider.swift */,
				FADCE210290540F300E92CD9 /* ValueLabel.swift */,
				FADCE2182906AFE400E92CD9 /* FavoriteColorsView.swift */,
			);
			path = ColorPicker;
			sourceTree = "<group>";
		};
		FADCE21A2907FD5300E92CD9 /* ColorContentPicker */ = {
			isa = PBXGroup;
			children = (
				FADCE21B2907FDA900E92CD9 /* ColorContentPicker.swift */,
			);
			path = ColorContentPicker;
			sourceTree = "<group>";
		};
		FADCE21D29091E1000E92CD9 /* History */ = {
			isa = PBXGroup;
			children = (
				FADCE21E290921F800E92CD9 /* History.swift */,
				FADCE22029092F3400E92CD9 /* LayerContainer.swift */,
			);
			path = History;
			sourceTree = "<group>";
		};
/* End PBXGroup section */

/* Begin PBXNativeTarget section */
		FA046EE028F54B23002D5023 /* TelegramMediaEditing */ = {
			isa = PBXNativeTarget;
			buildConfigurationList = FA046EF528F54B25002D5023 /* Build configuration list for PBXNativeTarget "TelegramMediaEditing" */;
			buildPhases = (
				FA046EDD28F54B23002D5023 /* Sources */,
				FA046EDE28F54B23002D5023 /* Frameworks */,
				FA046EDF28F54B23002D5023 /* Resources */,
			);
			buildRules = (
			);
			dependencies = (
			);
			name = TelegramMediaEditing;
			packageProductDependencies = (
				FA4BF3DA28F6B42400592051 /* Lottie */,
			);
			productName = TelegramMediaEditing;
			productReference = FA046EE128F54B23002D5023 /* TelegramMediaEditing.app */;
			productType = "com.apple.product-type.application";
		};
/* End PBXNativeTarget section */

/* Begin PBXProject section */
		FA046ED928F54B23002D5023 /* Project object */ = {
			isa = PBXProject;
			attributes = {
				BuildIndependentTargetsInParallel = 1;
				LastSwiftUpdateCheck = 1330;
				LastUpgradeCheck = 1330;
				TargetAttributes = {
					FA046EE028F54B23002D5023 = {
						CreatedOnToolsVersion = 13.3;
					};
				};
			};
			buildConfigurationList = FA046EDC28F54B23002D5023 /* Build configuration list for PBXProject "TelegramMediaEditing" */;
			compatibilityVersion = "Xcode 13.0";
			developmentRegion = en;
			hasScannedForEncodings = 0;
			knownRegions = (
				en,
				Base,
			);
			mainGroup = FA046ED828F54B23002D5023;
			packageReferences = (
				FA4BF3D928F6B42400592051 /* XCRemoteSwiftPackageReference "lottie-ios" */,
			);
			productRefGroup = FA046EE228F54B23002D5023 /* Products */;
			projectDirPath = "";
			projectRoot = "";
			targets = (
				FA046EE028F54B23002D5023 /* TelegramMediaEditing */,
			);
		};
/* End PBXProject section */

/* Begin PBXResourcesBuildPhase section */
		FA046EDF28F54B23002D5023 /* Resources */ = {
			isa = PBXResourcesBuildPhase;
			buildActionMask = 2147483647;
			files = (
				FA046EF128F54B25002D5023 /* LaunchScreen.storyboard in Resources */,
				FADCE2132905424400E92CD9 /* ColorSlidersView.xib in Resources */,
				FA046EEE28F54B25002D5023 /* Assets.xcassets in Resources */,
				FACE5BDC2902D13200960A48 /* ColorPickerVC.xib in Resources */,
			);
			runOnlyForDeploymentPostprocessing = 0;
		};
/* End PBXResourcesBuildPhase section */

/* Begin PBXSourcesBuildPhase section */
		FA046EDD28F54B23002D5023 /* Sources */ = {
			isa = PBXSourcesBuildPhase;
			buildActionMask = 2147483647;
			files = (
				FA4BF3D428F6A4E800592051 /* EditVC.swift in Sources */,
				FADCE22129092F3400E92CD9 /* LayerContainer.swift in Sources */,
				AA77710F28FC891600CF73C0 /* PassthroughView.swift in Sources */,
				FACBB8A8290D5F96005B6941 /* ShapeLayerHitDetector.swift in Sources */,
				FA4BF3D828F6AAC700592051 /* ZoomScrollView.swift in Sources */,
				FACBB87A290A791A005B6941 /* MarkerDrawer.swift in Sources */,
				FACE5BDB2902D13200960A48 /* ColorPickerVC.swift in Sources */,
				FACBB882290BFA1F005B6941 /* ToolDefaults.swift in Sources */,
				FA39D93A28F7FE1900CBA7A4 /* PHImageManager+Ex.swift in Sources */,
				FA046F0528F56996002D5023 /* PHPhotoLibrary+Ex.swift in Sources */,
				AAAB483528FAD161008373CB /* ColourPickerCirlce.swift in Sources */,
				FACBB880290BD0EC005B6941 /* PencilDrawer.swift in Sources */,
				AA79DEB72903E80400905FEF /* OutlineableTextView.swift in Sources */,
				FA4BF3D628F6A80100592051 /* UIImage+Ex.swift in Sources */,
				FAEDF41828F9B7BF00094ADF /* PenDrawer.swift in Sources */,
				FADCE20D290430FF00E92CD9 /* ColorSlidersView.swift in Sources */,
				AAAB482328F96A8F008373CB /* EditToolbar.swift in Sources */,
				FADCE211290540F300E92CD9 /* ValueLabel.swift in Sources */,
				FACBB876290A72D3005B6941 /* ToolDrawer.swift in Sources */,
				AA79DEB9290B065C00905FEF /* GesturesOverlay.swift in Sources */,
				AAAB484328FC58FC008373CB /* PopupMenu.swift in Sources */,
				FACE5BD3290057C600960A48 /* PenPlume.swift in Sources */,
				AAA335CE28F6CE6F00B86B89 /* ImageCell.swift in Sources */,
				AAA335CC28F6CCE100B86B89 /* GalleryViewController.swift in Sources */,
				FAEDF42328FB3D7900094ADF /* GausianSmooth.swift in Sources */,
				FA046F0128F55953002D5023 /* Extensions.swift in Sources */,
				FACBB87C290AAE52005B6941 /* Bezier.swift in Sources */,
				FADCE2192906AFE400E92CD9 /* FavoriteColorsView.swift in Sources */,
				FACBB87E290BBCD3005B6941 /* NeonDrawer.swift in Sources */,
				AAAB483128F9C876008373CB /* ToolsContainer.swift in Sources */,
				AAAB483328FAD13A008373CB /* CorneredSegmentedControl.swift in Sources */,
				AAAB483B28FB6022008373CB /* ToolSlider.swift in Sources */,
				AA79DEC6290F06B900905FEF /* ImageDetailTransition.swift in Sources */,
				FADCE2232909568F00E92CD9 /* EditNavBar.swift in Sources */,
				FADCE21F290921F800E92CD9 /* History.swift in Sources */,
				FA046F0328F55987002D5023 /* UIColor+Ex.swift in Sources */,
				AAAB482C28F982BB008373CB /* UIEdgeInsets+Ex.swift in Sources */,
				FA046EE928F54B23002D5023 /* ViewController.swift in Sources */,
				AA79DEB329034CCD00905FEF /* UIColor+Pair.swift in Sources */,
				AAAB484628FC76AB008373CB /* ColourPickerButton.swift in Sources */,
				FADCE20F290536EC00E92CD9 /* ColorSlider.swift in Sources */,
				AA79DE9F28FF4BF400905FEF /* TextEditPanel.swift in Sources */,
				AAAB483928FB533D008373CB /* BackOrCancelButton.swift in Sources */,
				AAAB482628F96B76008373CB /* UIControl+Ex.swift in Sources */,
				AA79DEA228FF4EF400905FEF /* GradientView.swift in Sources */,
				FACBB886290D0A5D005B6941 /* UIView+Blur.swift in Sources */,
				AAAB483728FB14D8008373CB /* TestVC.swift in Sources */,
				FA046EE528F54B23002D5023 /* AppDelegate.swift in Sources */,
				AA79DEA429000CB000905FEF /* TextViewEditingOverlay.swift in Sources */,
				AAAB482E28F9A99D008373CB /* ToolView.swift in Sources */,
				AAAB481E28F70891008373CB /* PhotoPermissionOverlay.swift in Sources */,
				AA79DEC0290EEF8900905FEF /* ImageDetailAnimator.swift in Sources */,
				FADCE20B2903DFBB00E92CD9 /* ColorSpectrumView.swift in Sources */,
				FADCE21C2907FDAA00E92CD9 /* ColorContentPicker.swift in Sources */,
				AAAB484128FC4E54008373CB /* ToolShapeSelector.swift in Sources */,
				FA046EFF28F558DF002D5023 /* UIView+Ex.swift in Sources */,
				AA79DEAB290320BE00905FEF /* FontsSelector.swift in Sources */,
				FA046F0728F569BE002D5023 /* GlobalFunctions.swift in Sources */,
				FACBB8AA290D7733005B6941 /* DemoToolSizeView.swift in Sources */,
				FACE5BDE2902E75E00960A48 /* ColorGridView.swift in Sources */,
				FACBB884290C0DE6005B6941 /* EraserDrawer.swift in Sources */,
				FACE5BD7290151DE00960A48 /* ToolDrawSplitOptimizer.swift in Sources */,
				AA79DEB1290343E200905FEF /* RectsUnion.swift in Sources */,
				AA79DEAD2903363B00905FEF /* TextAlignmentButton.swift in Sources */,
				FAEDF41B28F9F49200094ADF /* ToolCurveGenerator.swift in Sources */,
				FAEDF42528FC082F00094ADF /* PanSmoothIK.swift in Sources */,
				FACE5BD5290147EF00960A48 /* DisplayLinkAnimator.swift in Sources */,
				AAAB482928F97F82008373CB /* Array+Zip3.swift in Sources */,
			);
			runOnlyForDeploymentPostprocessing = 0;
		};
/* End PBXSourcesBuildPhase section */

/* Begin PBXVariantGroup section */
		FA046EEF28F54B25002D5023 /* LaunchScreen.storyboard */ = {
			isa = PBXVariantGroup;
			children = (
				FA046EF028F54B25002D5023 /* Base */,
			);
			name = LaunchScreen.storyboard;
			sourceTree = "<group>";
		};
/* End PBXVariantGroup section */

/* Begin XCBuildConfiguration section */
		FA046EF328F54B25002D5023 /* Debug */ = {
			isa = XCBuildConfiguration;
			buildSettings = {
				ALWAYS_SEARCH_USER_PATHS = NO;
				CLANG_ANALYZER_NONNULL = YES;
				CLANG_ANALYZER_NUMBER_OBJECT_CONVERSION = YES_AGGRESSIVE;
				CLANG_CXX_LANGUAGE_STANDARD = "gnu++17";
				CLANG_ENABLE_MODULES = YES;
				CLANG_ENABLE_OBJC_ARC = YES;
				CLANG_ENABLE_OBJC_WEAK = YES;
				CLANG_WARN_BLOCK_CAPTURE_AUTORELEASING = YES;
				CLANG_WARN_BOOL_CONVERSION = YES;
				CLANG_WARN_COMMA = YES;
				CLANG_WARN_CONSTANT_CONVERSION = YES;
				CLANG_WARN_DEPRECATED_OBJC_IMPLEMENTATIONS = YES;
				CLANG_WARN_DIRECT_OBJC_ISA_USAGE = YES_ERROR;
				CLANG_WARN_DOCUMENTATION_COMMENTS = YES;
				CLANG_WARN_EMPTY_BODY = YES;
				CLANG_WARN_ENUM_CONVERSION = YES;
				CLANG_WARN_INFINITE_RECURSION = YES;
				CLANG_WARN_INT_CONVERSION = YES;
				CLANG_WARN_NON_LITERAL_NULL_CONVERSION = YES;
				CLANG_WARN_OBJC_IMPLICIT_RETAIN_SELF = YES;
				CLANG_WARN_OBJC_LITERAL_CONVERSION = YES;
				CLANG_WARN_OBJC_ROOT_CLASS = YES_ERROR;
				CLANG_WARN_QUOTED_INCLUDE_IN_FRAMEWORK_HEADER = YES;
				CLANG_WARN_RANGE_LOOP_ANALYSIS = YES;
				CLANG_WARN_STRICT_PROTOTYPES = YES;
				CLANG_WARN_SUSPICIOUS_MOVE = YES;
				CLANG_WARN_UNGUARDED_AVAILABILITY = YES_AGGRESSIVE;
				CLANG_WARN_UNREACHABLE_CODE = YES;
				CLANG_WARN__DUPLICATE_METHOD_MATCH = YES;
				COPY_PHASE_STRIP = NO;
				DEBUG_INFORMATION_FORMAT = dwarf;
				ENABLE_STRICT_OBJC_MSGSEND = YES;
				ENABLE_TESTABILITY = YES;
				GCC_C_LANGUAGE_STANDARD = gnu11;
				GCC_DYNAMIC_NO_PIC = NO;
				GCC_NO_COMMON_BLOCKS = YES;
				GCC_OPTIMIZATION_LEVEL = 0;
				GCC_PREPROCESSOR_DEFINITIONS = (
					"DEBUG=1",
					"$(inherited)",
				);
				GCC_WARN_64_TO_32_BIT_CONVERSION = YES;
				GCC_WARN_ABOUT_RETURN_TYPE = YES_ERROR;
				GCC_WARN_UNDECLARED_SELECTOR = YES;
				GCC_WARN_UNINITIALIZED_AUTOS = YES_AGGRESSIVE;
				GCC_WARN_UNUSED_FUNCTION = YES;
				GCC_WARN_UNUSED_VARIABLE = YES;
				IPHONEOS_DEPLOYMENT_TARGET = 15.4;
				MTL_ENABLE_DEBUG_INFO = INCLUDE_SOURCE;
				MTL_FAST_MATH = YES;
				ONLY_ACTIVE_ARCH = YES;
				SDKROOT = iphoneos;
				SWIFT_ACTIVE_COMPILATION_CONDITIONS = DEBUG;
				SWIFT_OPTIMIZATION_LEVEL = "-Onone";
			};
			name = Debug;
		};
		FA046EF428F54B25002D5023 /* Release */ = {
			isa = XCBuildConfiguration;
			buildSettings = {
				ALWAYS_SEARCH_USER_PATHS = NO;
				CLANG_ANALYZER_NONNULL = YES;
				CLANG_ANALYZER_NUMBER_OBJECT_CONVERSION = YES_AGGRESSIVE;
				CLANG_CXX_LANGUAGE_STANDARD = "gnu++17";
				CLANG_ENABLE_MODULES = YES;
				CLANG_ENABLE_OBJC_ARC = YES;
				CLANG_ENABLE_OBJC_WEAK = YES;
				CLANG_WARN_BLOCK_CAPTURE_AUTORELEASING = YES;
				CLANG_WARN_BOOL_CONVERSION = YES;
				CLANG_WARN_COMMA = YES;
				CLANG_WARN_CONSTANT_CONVERSION = YES;
				CLANG_WARN_DEPRECATED_OBJC_IMPLEMENTATIONS = YES;
				CLANG_WARN_DIRECT_OBJC_ISA_USAGE = YES_ERROR;
				CLANG_WARN_DOCUMENTATION_COMMENTS = YES;
				CLANG_WARN_EMPTY_BODY = YES;
				CLANG_WARN_ENUM_CONVERSION = YES;
				CLANG_WARN_INFINITE_RECURSION = YES;
				CLANG_WARN_INT_CONVERSION = YES;
				CLANG_WARN_NON_LITERAL_NULL_CONVERSION = YES;
				CLANG_WARN_OBJC_IMPLICIT_RETAIN_SELF = YES;
				CLANG_WARN_OBJC_LITERAL_CONVERSION = YES;
				CLANG_WARN_OBJC_ROOT_CLASS = YES_ERROR;
				CLANG_WARN_QUOTED_INCLUDE_IN_FRAMEWORK_HEADER = YES;
				CLANG_WARN_RANGE_LOOP_ANALYSIS = YES;
				CLANG_WARN_STRICT_PROTOTYPES = YES;
				CLANG_WARN_SUSPICIOUS_MOVE = YES;
				CLANG_WARN_UNGUARDED_AVAILABILITY = YES_AGGRESSIVE;
				CLANG_WARN_UNREACHABLE_CODE = YES;
				CLANG_WARN__DUPLICATE_METHOD_MATCH = YES;
				COPY_PHASE_STRIP = NO;
				DEBUG_INFORMATION_FORMAT = "dwarf-with-dsym";
				ENABLE_NS_ASSERTIONS = NO;
				ENABLE_STRICT_OBJC_MSGSEND = YES;
				GCC_C_LANGUAGE_STANDARD = gnu11;
				GCC_NO_COMMON_BLOCKS = YES;
				GCC_WARN_64_TO_32_BIT_CONVERSION = YES;
				GCC_WARN_ABOUT_RETURN_TYPE = YES_ERROR;
				GCC_WARN_UNDECLARED_SELECTOR = YES;
				GCC_WARN_UNINITIALIZED_AUTOS = YES_AGGRESSIVE;
				GCC_WARN_UNUSED_FUNCTION = YES;
				GCC_WARN_UNUSED_VARIABLE = YES;
				IPHONEOS_DEPLOYMENT_TARGET = 15.4;
				MTL_ENABLE_DEBUG_INFO = NO;
				MTL_FAST_MATH = YES;
				SDKROOT = iphoneos;
				SWIFT_COMPILATION_MODE = wholemodule;
				SWIFT_OPTIMIZATION_LEVEL = "-O";
				VALIDATE_PRODUCT = YES;
			};
			name = Release;
		};
		FA046EF628F54B25002D5023 /* Debug */ = {
			isa = XCBuildConfiguration;
			buildSettings = {
				ASSETCATALOG_COMPILER_APPICON_NAME = AppIcon;
				ASSETCATALOG_COMPILER_GLOBAL_ACCENT_COLOR_NAME = AccentColor;
				CODE_SIGN_STYLE = Automatic;
				CURRENT_PROJECT_VERSION = 1;
				DEVELOPMENT_TEAM = L3NMRMB3TX;
				GENERATE_INFOPLIST_FILE = YES;
				INFOPLIST_FILE = TelegramMediaEditing/Info.plist;
				INFOPLIST_KEY_NSPhotoLibraryUsageDescription = "For photo editing";
				INFOPLIST_KEY_UIApplicationSupportsIndirectInputEvents = YES;
				INFOPLIST_KEY_UILaunchStoryboardName = LaunchScreen;
				INFOPLIST_KEY_UISupportedInterfaceOrientations_iPad = "UIInterfaceOrientationPortrait UIInterfaceOrientationPortraitUpsideDown UIInterfaceOrientationLandscapeLeft UIInterfaceOrientationLandscapeRight";
				INFOPLIST_KEY_UISupportedInterfaceOrientations_iPhone = "UIInterfaceOrientationPortrait UIInterfaceOrientationLandscapeLeft UIInterfaceOrientationLandscapeRight";
				IPHONEOS_DEPLOYMENT_TARGET = 11.0;
				LD_RUNPATH_SEARCH_PATHS = (
					"$(inherited)",
					"@executable_path/Frameworks",
				);
				MARKETING_VERSION = 1.0;
				PRODUCT_BUNDLE_IDENTIFIER = alex.TelegramMediaEditing;
				PRODUCT_NAME = "$(TARGET_NAME)";
				SWIFT_EMIT_LOC_STRINGS = YES;
				SWIFT_VERSION = 5.0;
				TARGETED_DEVICE_FAMILY = "1,2";
			};
			name = Debug;
		};
		FA046EF728F54B25002D5023 /* Release */ = {
			isa = XCBuildConfiguration;
			buildSettings = {
				ASSETCATALOG_COMPILER_APPICON_NAME = AppIcon;
				ASSETCATALOG_COMPILER_GLOBAL_ACCENT_COLOR_NAME = AccentColor;
				CODE_SIGN_STYLE = Automatic;
				CURRENT_PROJECT_VERSION = 1;
				DEVELOPMENT_TEAM = L3NMRMB3TX;
				GENERATE_INFOPLIST_FILE = YES;
				INFOPLIST_FILE = TelegramMediaEditing/Info.plist;
				INFOPLIST_KEY_NSPhotoLibraryUsageDescription = "For photo editing";
				INFOPLIST_KEY_UIApplicationSupportsIndirectInputEvents = YES;
				INFOPLIST_KEY_UILaunchStoryboardName = LaunchScreen;
				INFOPLIST_KEY_UISupportedInterfaceOrientations_iPad = "UIInterfaceOrientationPortrait UIInterfaceOrientationPortraitUpsideDown UIInterfaceOrientationLandscapeLeft UIInterfaceOrientationLandscapeRight";
				INFOPLIST_KEY_UISupportedInterfaceOrientations_iPhone = "UIInterfaceOrientationPortrait UIInterfaceOrientationLandscapeLeft UIInterfaceOrientationLandscapeRight";
				IPHONEOS_DEPLOYMENT_TARGET = 11.0;
				LD_RUNPATH_SEARCH_PATHS = (
					"$(inherited)",
					"@executable_path/Frameworks",
				);
				MARKETING_VERSION = 1.0;
				ONLY_ACTIVE_ARCH = YES;
				PRODUCT_BUNDLE_IDENTIFIER = alex.TelegramMediaEditing;
				PRODUCT_NAME = "$(TARGET_NAME)";
				SWIFT_EMIT_LOC_STRINGS = YES;
				SWIFT_VERSION = 5.0;
				TARGETED_DEVICE_FAMILY = "1,2";
			};
			name = Release;
		};
/* End XCBuildConfiguration section */

/* Begin XCConfigurationList section */
		FA046EDC28F54B23002D5023 /* Build configuration list for PBXProject "TelegramMediaEditing" */ = {
			isa = XCConfigurationList;
			buildConfigurations = (
				FA046EF328F54B25002D5023 /* Debug */,
				FA046EF428F54B25002D5023 /* Release */,
			);
			defaultConfigurationIsVisible = 0;
			defaultConfigurationName = Release;
		};
		FA046EF528F54B25002D5023 /* Build configuration list for PBXNativeTarget "TelegramMediaEditing" */ = {
			isa = XCConfigurationList;
			buildConfigurations = (
				FA046EF628F54B25002D5023 /* Debug */,
				FA046EF728F54B25002D5023 /* Release */,
			);
			defaultConfigurationIsVisible = 0;
			defaultConfigurationName = Release;
		};
/* End XCConfigurationList section */

/* Begin XCRemoteSwiftPackageReference section */
		FA4BF3D928F6B42400592051 /* XCRemoteSwiftPackageReference "lottie-ios" */ = {
			isa = XCRemoteSwiftPackageReference;
			repositoryURL = "https://github.com/airbnb/lottie-ios";
			requirement = {
				kind = upToNextMajorVersion;
				minimumVersion = 3.0.0;
			};
		};
/* End XCRemoteSwiftPackageReference section */

/* Begin XCSwiftPackageProductDependency section */
		FA4BF3DA28F6B42400592051 /* Lottie */ = {
			isa = XCSwiftPackageProductDependency;
			package = FA4BF3D928F6B42400592051 /* XCRemoteSwiftPackageReference "lottie-ios" */;
			productName = Lottie;
		};
/* End XCSwiftPackageProductDependency section */
	};
	rootObject = FA046ED928F54B23002D5023 /* Project object */;
}
