// !$*UTF8*$!
{
	archiveVersion = 1;
	classes = {
	};
	objectVersion = 55;
	objects = {

/* Begin PBXBuildFile section */
		AA77710F28FC891600CF73C0 /* PassthroughView.swift in Sources */ = {isa = PBXBuildFile; fileRef = AA77710E28FC891600CF73C0 /* PassthroughView.swift */; };
		AAA335CC28F6CCE100B86B89 /* GalleryViewController.swift in Sources */ = {isa = PBXBuildFile; fileRef = AAA335CB28F6CCE100B86B89 /* GalleryViewController.swift */; };
		AAA335CE28F6CE6F00B86B89 /* ImageCell.swift in Sources */ = {isa = PBXBuildFile; fileRef = AAA335CD28F6CE6F00B86B89 /* ImageCell.swift */; };
		AAAB481E28F70891008373CB /* PhotoPermissionOverlay.swift in Sources */ = {isa = PBXBuildFile; fileRef = AAAB481D28F70891008373CB /* PhotoPermissionOverlay.swift */; };
		AAAB482328F96A8F008373CB /* EditToolbar.swift in Sources */ = {isa = PBXBuildFile; fileRef = AAAB482228F96A8F008373CB /* EditToolbar.swift */; };
		AAAB482628F96B76008373CB /* UIControl+Ex.swift in Sources */ = {isa = PBXBuildFile; fileRef = AAAB482528F96B76008373CB /* UIControl+Ex.swift */; };
		AAAB482928F97F82008373CB /* Array+Zip3.swift in Sources */ = {isa = PBXBuildFile; fileRef = AAAB482828F97F82008373CB /* Array+Zip3.swift */; };
		AAAB482C28F982BB008373CB /* UIEdgeInsets+Ex.swift in Sources */ = {isa = PBXBuildFile; fileRef = AAAB482B28F982BB008373CB /* UIEdgeInsets+Ex.swift */; };
		AAAB482E28F9A99D008373CB /* ToolView.swift in Sources */ = {isa = PBXBuildFile; fileRef = AAAB482D28F9A99D008373CB /* ToolView.swift */; };
		AAAB483128F9C876008373CB /* ToolsContainer.swift in Sources */ = {isa = PBXBuildFile; fileRef = AAAB483028F9C876008373CB /* ToolsContainer.swift */; };
		AAAB483328FAD13A008373CB /* CorneredSegmentedControl.swift in Sources */ = {isa = PBXBuildFile; fileRef = AAAB483228FAD13A008373CB /* CorneredSegmentedControl.swift */; };
		AAAB483528FAD161008373CB /* ColourPickerCirlce.swift in Sources */ = {isa = PBXBuildFile; fileRef = AAAB483428FAD161008373CB /* ColourPickerCirlce.swift */; };
		AAAB483728FB14D8008373CB /* TestVC.swift in Sources */ = {isa = PBXBuildFile; fileRef = AAAB483628FB14D8008373CB /* TestVC.swift */; };
		AAAB483928FB533D008373CB /* BackOrCancelButton.swift in Sources */ = {isa = PBXBuildFile; fileRef = AAAB483828FB533D008373CB /* BackOrCancelButton.swift */; };
		AAAB483B28FB6022008373CB /* ToolSlider.swift in Sources */ = {isa = PBXBuildFile; fileRef = AAAB483A28FB6022008373CB /* ToolSlider.swift */; };
		AAAB484128FC4E54008373CB /* ToolShapeSelector.swift in Sources */ = {isa = PBXBuildFile; fileRef = AAAB484028FC4E54008373CB /* ToolShapeSelector.swift */; };
		AAAB484328FC58FC008373CB /* PopupMenu.swift in Sources */ = {isa = PBXBuildFile; fileRef = AAAB484228FC58FC008373CB /* PopupMenu.swift */; };
		AAAB484628FC76AB008373CB /* ColourPickerButton.swift in Sources */ = {isa = PBXBuildFile; fileRef = AAAB484528FC76AB008373CB /* ColourPickerButton.swift */; };
		FA046EE528F54B23002D5023 /* AppDelegate.swift in Sources */ = {isa = PBXBuildFile; fileRef = FA046EE428F54B23002D5023 /* AppDelegate.swift */; };
		FA046EE728F54B23002D5023 /* SceneDelegate.swift in Sources */ = {isa = PBXBuildFile; fileRef = FA046EE628F54B23002D5023 /* SceneDelegate.swift */; };
		FA046EE928F54B23002D5023 /* ViewController.swift in Sources */ = {isa = PBXBuildFile; fileRef = FA046EE828F54B23002D5023 /* ViewController.swift */; };
		FA046EEE28F54B25002D5023 /* Assets.xcassets in Resources */ = {isa = PBXBuildFile; fileRef = FA046EED28F54B25002D5023 /* Assets.xcassets */; };
		FA046EF128F54B25002D5023 /* LaunchScreen.storyboard in Resources */ = {isa = PBXBuildFile; fileRef = FA046EEF28F54B25002D5023 /* LaunchScreen.storyboard */; };
		FA046EFF28F558DF002D5023 /* UIView+Ex.swift in Sources */ = {isa = PBXBuildFile; fileRef = FA046EFE28F558DF002D5023 /* UIView+Ex.swift */; };
		FA046F0128F55953002D5023 /* Extensions.swift in Sources */ = {isa = PBXBuildFile; fileRef = FA046F0028F55953002D5023 /* Extensions.swift */; };
		FA046F0328F55987002D5023 /* UIColor+Ex.swift in Sources */ = {isa = PBXBuildFile; fileRef = FA046F0228F55987002D5023 /* UIColor+Ex.swift */; };
		FA046F0528F56996002D5023 /* PHPhotoLibrary+Ex.swift in Sources */ = {isa = PBXBuildFile; fileRef = FA046F0428F56996002D5023 /* PHPhotoLibrary+Ex.swift */; };
		FA046F0728F569BE002D5023 /* GlobalFunctions.swift in Sources */ = {isa = PBXBuildFile; fileRef = FA046F0628F569BE002D5023 /* GlobalFunctions.swift */; };
		FA39D93A28F7FE1900CBA7A4 /* PHImageManager+Ex.swift in Sources */ = {isa = PBXBuildFile; fileRef = FA39D93928F7FE1900CBA7A4 /* PHImageManager+Ex.swift */; };
		FA4BF3D428F6A4E800592051 /* EditVC.swift in Sources */ = {isa = PBXBuildFile; fileRef = FA4BF3D328F6A4E800592051 /* EditVC.swift */; };
		FA4BF3D628F6A80100592051 /* UIImage+Ex.swift in Sources */ = {isa = PBXBuildFile; fileRef = FA4BF3D528F6A80100592051 /* UIImage+Ex.swift */; };
		FA4BF3D828F6AAC700592051 /* ZoomScrollView.swift in Sources */ = {isa = PBXBuildFile; fileRef = FA4BF3D728F6AAC700592051 /* ZoomScrollView.swift */; };
		FA4BF3DB28F6B42400592051 /* Lottie in Frameworks */ = {isa = PBXBuildFile; productRef = FA4BF3DA28F6B42400592051 /* Lottie */; };
/* End PBXBuildFile section */

/* Begin PBXFileReference section */
		AA77710E28FC891600CF73C0 /* PassthroughView.swift */ = {isa = PBXFileReference; lastKnownFileType = sourcecode.swift; path = PassthroughView.swift; sourceTree = "<group>"; };
		AAA335CB28F6CCE100B86B89 /* GalleryViewController.swift */ = {isa = PBXFileReference; lastKnownFileType = sourcecode.swift; path = GalleryViewController.swift; sourceTree = "<group>"; };
		AAA335CD28F6CE6F00B86B89 /* ImageCell.swift */ = {isa = PBXFileReference; lastKnownFileType = sourcecode.swift; path = ImageCell.swift; sourceTree = "<group>"; };
		AAAB481D28F70891008373CB /* PhotoPermissionOverlay.swift */ = {isa = PBXFileReference; lastKnownFileType = sourcecode.swift; path = PhotoPermissionOverlay.swift; sourceTree = "<group>"; };
		AAAB482228F96A8F008373CB /* EditToolbar.swift */ = {isa = PBXFileReference; lastKnownFileType = sourcecode.swift; path = EditToolbar.swift; sourceTree = "<group>"; };
		AAAB482528F96B76008373CB /* UIControl+Ex.swift */ = {isa = PBXFileReference; lastKnownFileType = sourcecode.swift; path = "UIControl+Ex.swift"; sourceTree = "<group>"; };
		AAAB482828F97F82008373CB /* Array+Zip3.swift */ = {isa = PBXFileReference; lastKnownFileType = sourcecode.swift; path = "Array+Zip3.swift"; sourceTree = "<group>"; };
		AAAB482B28F982BB008373CB /* UIEdgeInsets+Ex.swift */ = {isa = PBXFileReference; lastKnownFileType = sourcecode.swift; path = "UIEdgeInsets+Ex.swift"; sourceTree = "<group>"; };
		AAAB482D28F9A99D008373CB /* ToolView.swift */ = {isa = PBXFileReference; lastKnownFileType = sourcecode.swift; path = ToolView.swift; sourceTree = "<group>"; };
		AAAB483028F9C876008373CB /* ToolsContainer.swift */ = {isa = PBXFileReference; lastKnownFileType = sourcecode.swift; path = ToolsContainer.swift; sourceTree = "<group>"; };
		AAAB483228FAD13A008373CB /* CorneredSegmentedControl.swift */ = {isa = PBXFileReference; lastKnownFileType = sourcecode.swift; path = CorneredSegmentedControl.swift; sourceTree = "<group>"; };
		AAAB483428FAD161008373CB /* ColourPickerCirlce.swift */ = {isa = PBXFileReference; lastKnownFileType = sourcecode.swift; path = ColourPickerCirlce.swift; sourceTree = "<group>"; };
		AAAB483628FB14D8008373CB /* TestVC.swift */ = {isa = PBXFileReference; lastKnownFileType = sourcecode.swift; path = TestVC.swift; sourceTree = "<group>"; };
		AAAB483828FB533D008373CB /* BackOrCancelButton.swift */ = {isa = PBXFileReference; lastKnownFileType = sourcecode.swift; path = BackOrCancelButton.swift; sourceTree = "<group>"; };
		AAAB483A28FB6022008373CB /* ToolSlider.swift */ = {isa = PBXFileReference; lastKnownFileType = sourcecode.swift; path = ToolSlider.swift; sourceTree = "<group>"; };
		AAAB484028FC4E54008373CB /* ToolShapeSelector.swift */ = {isa = PBXFileReference; lastKnownFileType = sourcecode.swift; path = ToolShapeSelector.swift; sourceTree = "<group>"; };
		AAAB484228FC58FC008373CB /* PopupMenu.swift */ = {isa = PBXFileReference; lastKnownFileType = sourcecode.swift; path = PopupMenu.swift; sourceTree = "<group>"; };
		AAAB484528FC76AB008373CB /* ColourPickerButton.swift */ = {isa = PBXFileReference; lastKnownFileType = sourcecode.swift; path = ColourPickerButton.swift; sourceTree = "<group>"; };
		FA046EE128F54B23002D5023 /* TelegramMediaEditing.app */ = {isa = PBXFileReference; explicitFileType = wrapper.application; includeInIndex = 0; path = TelegramMediaEditing.app; sourceTree = BUILT_PRODUCTS_DIR; };
		FA046EE428F54B23002D5023 /* AppDelegate.swift */ = {isa = PBXFileReference; lastKnownFileType = sourcecode.swift; path = AppDelegate.swift; sourceTree = "<group>"; };
		FA046EE628F54B23002D5023 /* SceneDelegate.swift */ = {isa = PBXFileReference; lastKnownFileType = sourcecode.swift; path = SceneDelegate.swift; sourceTree = "<group>"; };
		FA046EE828F54B23002D5023 /* ViewController.swift */ = {isa = PBXFileReference; lastKnownFileType = sourcecode.swift; path = ViewController.swift; sourceTree = "<group>"; };
		FA046EED28F54B25002D5023 /* Assets.xcassets */ = {isa = PBXFileReference; lastKnownFileType = folder.assetcatalog; path = Assets.xcassets; sourceTree = "<group>"; };
		FA046EF028F54B25002D5023 /* Base */ = {isa = PBXFileReference; lastKnownFileType = file.storyboard; name = Base; path = Base.lproj/LaunchScreen.storyboard; sourceTree = "<group>"; };
		FA046EF228F54B25002D5023 /* Info.plist */ = {isa = PBXFileReference; lastKnownFileType = text.plist.xml; path = Info.plist; sourceTree = "<group>"; };
		FA046EFE28F558DF002D5023 /* UIView+Ex.swift */ = {isa = PBXFileReference; lastKnownFileType = sourcecode.swift; path = "UIView+Ex.swift"; sourceTree = "<group>"; };
		FA046F0028F55953002D5023 /* Extensions.swift */ = {isa = PBXFileReference; lastKnownFileType = sourcecode.swift; path = Extensions.swift; sourceTree = "<group>"; };
		FA046F0228F55987002D5023 /* UIColor+Ex.swift */ = {isa = PBXFileReference; lastKnownFileType = sourcecode.swift; path = "UIColor+Ex.swift"; sourceTree = "<group>"; };
		FA046F0428F56996002D5023 /* PHPhotoLibrary+Ex.swift */ = {isa = PBXFileReference; lastKnownFileType = sourcecode.swift; path = "PHPhotoLibrary+Ex.swift"; sourceTree = "<group>"; };
		FA046F0628F569BE002D5023 /* GlobalFunctions.swift */ = {isa = PBXFileReference; fileEncoding = 4; lastKnownFileType = sourcecode.swift; path = GlobalFunctions.swift; sourceTree = "<group>"; };
		FA39D93928F7FE1900CBA7A4 /* PHImageManager+Ex.swift */ = {isa = PBXFileReference; lastKnownFileType = sourcecode.swift; path = "PHImageManager+Ex.swift"; sourceTree = "<group>"; };
		FA4BF3D328F6A4E800592051 /* EditVC.swift */ = {isa = PBXFileReference; lastKnownFileType = sourcecode.swift; path = EditVC.swift; sourceTree = "<group>"; };
		FA4BF3D528F6A80100592051 /* UIImage+Ex.swift */ = {isa = PBXFileReference; lastKnownFileType = sourcecode.swift; path = "UIImage+Ex.swift"; sourceTree = "<group>"; };
		FA4BF3D728F6AAC700592051 /* ZoomScrollView.swift */ = {isa = PBXFileReference; lastKnownFileType = sourcecode.swift; path = ZoomScrollView.swift; sourceTree = "<group>"; };
/* End PBXFileReference section */

/* Begin PBXFrameworksBuildPhase section */
		FA046EDE28F54B23002D5023 /* Frameworks */ = {
			isa = PBXFrameworksBuildPhase;
			buildActionMask = 2147483647;
			files = (
				FA4BF3DB28F6B42400592051 /* Lottie in Frameworks */,
			);
			runOnlyForDeploymentPostprocessing = 0;
		};
/* End PBXFrameworksBuildPhase section */

/* Begin PBXGroup section */
		AAA335CA28F6CCC100B86B89 /* Gallery */ = {
			isa = PBXGroup;
			children = (
				AAAB481D28F70891008373CB /* PhotoPermissionOverlay.swift */,
				AAA335CB28F6CCE100B86B89 /* GalleryViewController.swift */,
				AAA335CD28F6CE6F00B86B89 /* ImageCell.swift */,
			);
			path = Gallery;
			sourceTree = "<group>";
		};
		AAAB482128F96A82008373CB /* Controls */ = {
			isa = PBXGroup;
			children = (
				AAAB482228F96A8F008373CB /* EditToolbar.swift */,
				AAAB483828FB533D008373CB /* BackOrCancelButton.swift */,
				AAAB482D28F9A99D008373CB /* ToolView.swift */,
				AAAB483028F9C876008373CB /* ToolsContainer.swift */,
				AAAB483228FAD13A008373CB /* CorneredSegmentedControl.swift */,
				AAAB483428FAD161008373CB /* ColourPickerCirlce.swift */,
				AAAB483628FB14D8008373CB /* TestVC.swift */,
				AAAB483A28FB6022008373CB /* ToolSlider.swift */,
				AAAB484028FC4E54008373CB /* ToolShapeSelector.swift */,
				AAAB484228FC58FC008373CB /* PopupMenu.swift */,
				AAAB484528FC76AB008373CB /* ColourPickerButton.swift */,
				AA77710E28FC891600CF73C0 /* PassthroughView.swift */,
			);
			path = Controls;
			sourceTree = "<group>";
		};
		FA046ED828F54B23002D5023 = {
			isa = PBXGroup;
			children = (
				FA046EE328F54B23002D5023 /* TelegramMediaEditing */,
				FA046EE228F54B23002D5023 /* Products */,
			);
			sourceTree = "<group>";
		};
		FA046EE228F54B23002D5023 /* Products */ = {
			isa = PBXGroup;
			children = (
				FA046EE128F54B23002D5023 /* TelegramMediaEditing.app */,
			);
			name = Products;
			sourceTree = "<group>";
		};
		FA046EE328F54B23002D5023 /* TelegramMediaEditing */ = {
			isa = PBXGroup;
			children = (
				FA046EE428F54B23002D5023 /* AppDelegate.swift */,
				FA046EE628F54B23002D5023 /* SceneDelegate.swift */,
				FA046EE828F54B23002D5023 /* ViewController.swift */,
				FA4BF3D228F6A41E00592051 /* Edit Media */,
				AAA335CA28F6CCC100B86B89 /* Gallery */,
				FA046EFB28F5586F002D5023 /* Utils */,
				FA046EED28F54B25002D5023 /* Assets.xcassets */,
				FA046EEF28F54B25002D5023 /* LaunchScreen.storyboard */,
				FA046EF228F54B25002D5023 /* Info.plist */,
			);
			path = TelegramMediaEditing;
			sourceTree = "<group>";
		};
		FA046EFB28F5586F002D5023 /* Utils */ = {
			isa = PBXGroup;
			children = (
				FA046F0428F56996002D5023 /* PHPhotoLibrary+Ex.swift */,
				FA39D93928F7FE1900CBA7A4 /* PHImageManager+Ex.swift */,
				FA046F0628F569BE002D5023 /* GlobalFunctions.swift */,
				FA046EFE28F558DF002D5023 /* UIView+Ex.swift */,
				FA046F0028F55953002D5023 /* Extensions.swift */,
				FA4BF3D528F6A80100592051 /* UIImage+Ex.swift */,
				FA046F0228F55987002D5023 /* UIColor+Ex.swift */,
				AAAB482528F96B76008373CB /* UIControl+Ex.swift */,
				AAAB482828F97F82008373CB /* Array+Zip3.swift */,
				AAAB482B28F982BB008373CB /* UIEdgeInsets+Ex.swift */,
			);
			path = Utils;
			sourceTree = "<group>";
		};
		FA4BF3D228F6A41E00592051 /* Edit Media */ = {
			isa = PBXGroup;
			children = (
				AAAB482128F96A82008373CB /* Controls */,
				FA4BF3D328F6A4E800592051 /* EditVC.swift */,
				FA4BF3D728F6AAC700592051 /* ZoomScrollView.swift */,
			);
			path = "Edit Media";
			sourceTree = "<group>";
		};
/* End PBXGroup section */

/* Begin PBXNativeTarget section */
		FA046EE028F54B23002D5023 /* TelegramMediaEditing */ = {
			isa = PBXNativeTarget;
			buildConfigurationList = FA046EF528F54B25002D5023 /* Build configuration list for PBXNativeTarget "TelegramMediaEditing" */;
			buildPhases = (
				FA046EDD28F54B23002D5023 /* Sources */,
				FA046EDE28F54B23002D5023 /* Frameworks */,
				FA046EDF28F54B23002D5023 /* Resources */,
			);
			buildRules = (
			);
			dependencies = (
			);
			name = TelegramMediaEditing;
			packageProductDependencies = (
				FA4BF3DA28F6B42400592051 /* Lottie */,
			);
			productName = TelegramMediaEditing;
			productReference = FA046EE128F54B23002D5023 /* TelegramMediaEditing.app */;
			productType = "com.apple.product-type.application";
		};
/* End PBXNativeTarget section */

/* Begin PBXProject section */
		FA046ED928F54B23002D5023 /* Project object */ = {
			isa = PBXProject;
			attributes = {
				BuildIndependentTargetsInParallel = 1;
				LastSwiftUpdateCheck = 1330;
				LastUpgradeCheck = 1330;
				TargetAttributes = {
					FA046EE028F54B23002D5023 = {
						CreatedOnToolsVersion = 13.3;
					};
				};
			};
			buildConfigurationList = FA046EDC28F54B23002D5023 /* Build configuration list for PBXProject "TelegramMediaEditing" */;
			compatibilityVersion = "Xcode 13.0";
			developmentRegion = en;
			hasScannedForEncodings = 0;
			knownRegions = (
				en,
				Base,
			);
			mainGroup = FA046ED828F54B23002D5023;
			packageReferences = (
				FA4BF3D928F6B42400592051 /* XCRemoteSwiftPackageReference "lottie-ios" */,
			);
			productRefGroup = FA046EE228F54B23002D5023 /* Products */;
			projectDirPath = "";
			projectRoot = "";
			targets = (
				FA046EE028F54B23002D5023 /* TelegramMediaEditing */,
			);
		};
/* End PBXProject section */

/* Begin PBXResourcesBuildPhase section */
		FA046EDF28F54B23002D5023 /* Resources */ = {
			isa = PBXResourcesBuildPhase;
			buildActionMask = 2147483647;
			files = (
				FA046EF128F54B25002D5023 /* LaunchScreen.storyboard in Resources */,
				FA046EEE28F54B25002D5023 /* Assets.xcassets in Resources */,
			);
			runOnlyForDeploymentPostprocessing = 0;
		};
/* End PBXResourcesBuildPhase section */

/* Begin PBXSourcesBuildPhase section */
		FA046EDD28F54B23002D5023 /* Sources */ = {
			isa = PBXSourcesBuildPhase;
			buildActionMask = 2147483647;
			files = (
				FA4BF3D428F6A4E800592051 /* EditVC.swift in Sources */,
				AA77710F28FC891600CF73C0 /* PassthroughView.swift in Sources */,
				FA4BF3D828F6AAC700592051 /* ZoomScrollView.swift in Sources */,
				FA39D93A28F7FE1900CBA7A4 /* PHImageManager+Ex.swift in Sources */,
				FA046F0528F56996002D5023 /* PHPhotoLibrary+Ex.swift in Sources */,
				AAAB483528FAD161008373CB /* ColourPickerCirlce.swift in Sources */,
				FA4BF3D628F6A80100592051 /* UIImage+Ex.swift in Sources */,
				AAAB482328F96A8F008373CB /* EditToolbar.swift in Sources */,
				AAAB484328FC58FC008373CB /* PopupMenu.swift in Sources */,
				AAA335CE28F6CE6F00B86B89 /* ImageCell.swift in Sources */,
				AAA335CC28F6CCE100B86B89 /* GalleryViewController.swift in Sources */,
				FA046F0128F55953002D5023 /* Extensions.swift in Sources */,
				AAAB483128F9C876008373CB /* ToolsContainer.swift in Sources */,
				AAAB483328FAD13A008373CB /* CorneredSegmentedControl.swift in Sources */,
				AAAB483B28FB6022008373CB /* ToolSlider.swift in Sources */,
				FA046F0328F55987002D5023 /* UIColor+Ex.swift in Sources */,
				AAAB482C28F982BB008373CB /* UIEdgeInsets+Ex.swift in Sources */,
				FA046EE928F54B23002D5023 /* ViewController.swift in Sources */,
				AAAB484628FC76AB008373CB /* ColourPickerButton.swift in Sources */,
				AAAB483928FB533D008373CB /* BackOrCancelButton.swift in Sources */,
				AAAB482628F96B76008373CB /* UIControl+Ex.swift in Sources */,
				AAAB483728FB14D8008373CB /* TestVC.swift in Sources */,
				FA046EE528F54B23002D5023 /* AppDelegate.swift in Sources */,
				AAAB482E28F9A99D008373CB /* ToolView.swift in Sources */,
				AAAB481E28F70891008373CB /* PhotoPermissionOverlay.swift in Sources */,
				AAAB484128FC4E54008373CB /* ToolShapeSelector.swift in Sources */,
				FA046EE728F54B23002D5023 /* SceneDelegate.swift in Sources */,
				FA046EFF28F558DF002D5023 /* UIView+Ex.swift in Sources */,
				FA046F0728F569BE002D5023 /* GlobalFunctions.swift in Sources */,
				AAAB482928F97F82008373CB /* Array+Zip3.swift in Sources */,
			);
			runOnlyForDeploymentPostprocessing = 0;
		};
/* End PBXSourcesBuildPhase section */

/* Begin PBXVariantGroup section */
		FA046EEF28F54B25002D5023 /* LaunchScreen.storyboard */ = {
			isa = PBXVariantGroup;
			children = (
				FA046EF028F54B25002D5023 /* Base */,
			);
			name = LaunchScreen.storyboard;
			sourceTree = "<group>";
		};
/* End PBXVariantGroup section */

/* Begin XCBuildConfiguration section */
		FA046EF328F54B25002D5023 /* Debug */ = {
			isa = XCBuildConfiguration;
			buildSettings = {
				ALWAYS_SEARCH_USER_PATHS = NO;
				CLANG_ANALYZER_NONNULL = YES;
				CLANG_ANALYZER_NUMBER_OBJECT_CONVERSION = YES_AGGRESSIVE;
				CLANG_CXX_LANGUAGE_STANDARD = "gnu++17";
				CLANG_ENABLE_MODULES = YES;
				CLANG_ENABLE_OBJC_ARC = YES;
				CLANG_ENABLE_OBJC_WEAK = YES;
				CLANG_WARN_BLOCK_CAPTURE_AUTORELEASING = YES;
				CLANG_WARN_BOOL_CONVERSION = YES;
				CLANG_WARN_COMMA = YES;
				CLANG_WARN_CONSTANT_CONVERSION = YES;
				CLANG_WARN_DEPRECATED_OBJC_IMPLEMENTATIONS = YES;
				CLANG_WARN_DIRECT_OBJC_ISA_USAGE = YES_ERROR;
				CLANG_WARN_DOCUMENTATION_COMMENTS = YES;
				CLANG_WARN_EMPTY_BODY = YES;
				CLANG_WARN_ENUM_CONVERSION = YES;
				CLANG_WARN_INFINITE_RECURSION = YES;
				CLANG_WARN_INT_CONVERSION = YES;
				CLANG_WARN_NON_LITERAL_NULL_CONVERSION = YES;
				CLANG_WARN_OBJC_IMPLICIT_RETAIN_SELF = YES;
				CLANG_WARN_OBJC_LITERAL_CONVERSION = YES;
				CLANG_WARN_OBJC_ROOT_CLASS = YES_ERROR;
				CLANG_WARN_QUOTED_INCLUDE_IN_FRAMEWORK_HEADER = YES;
				CLANG_WARN_RANGE_LOOP_ANALYSIS = YES;
				CLANG_WARN_STRICT_PROTOTYPES = YES;
				CLANG_WARN_SUSPICIOUS_MOVE = YES;
				CLANG_WARN_UNGUARDED_AVAILABILITY = YES_AGGRESSIVE;
				CLANG_WARN_UNREACHABLE_CODE = YES;
				CLANG_WARN__DUPLICATE_METHOD_MATCH = YES;
				COPY_PHASE_STRIP = NO;
				DEBUG_INFORMATION_FORMAT = dwarf;
				ENABLE_STRICT_OBJC_MSGSEND = YES;
				ENABLE_TESTABILITY = YES;
				GCC_C_LANGUAGE_STANDARD = gnu11;
				GCC_DYNAMIC_NO_PIC = NO;
				GCC_NO_COMMON_BLOCKS = YES;
				GCC_OPTIMIZATION_LEVEL = 0;
				GCC_PREPROCESSOR_DEFINITIONS = (
					"DEBUG=1",
					"$(inherited)",
				);
				GCC_WARN_64_TO_32_BIT_CONVERSION = YES;
				GCC_WARN_ABOUT_RETURN_TYPE = YES_ERROR;
				GCC_WARN_UNDECLARED_SELECTOR = YES;
				GCC_WARN_UNINITIALIZED_AUTOS = YES_AGGRESSIVE;
				GCC_WARN_UNUSED_FUNCTION = YES;
				GCC_WARN_UNUSED_VARIABLE = YES;
				IPHONEOS_DEPLOYMENT_TARGET = 15.4;
				MTL_ENABLE_DEBUG_INFO = INCLUDE_SOURCE;
				MTL_FAST_MATH = YES;
				ONLY_ACTIVE_ARCH = YES;
				SDKROOT = iphoneos;
				SWIFT_ACTIVE_COMPILATION_CONDITIONS = DEBUG;
				SWIFT_OPTIMIZATION_LEVEL = "-Onone";
			};
			name = Debug;
		};
		FA046EF428F54B25002D5023 /* Release */ = {
			isa = XCBuildConfiguration;
			buildSettings = {
				ALWAYS_SEARCH_USER_PATHS = NO;
				CLANG_ANALYZER_NONNULL = YES;
				CLANG_ANALYZER_NUMBER_OBJECT_CONVERSION = YES_AGGRESSIVE;
				CLANG_CXX_LANGUAGE_STANDARD = "gnu++17";
				CLANG_ENABLE_MODULES = YES;
				CLANG_ENABLE_OBJC_ARC = YES;
				CLANG_ENABLE_OBJC_WEAK = YES;
				CLANG_WARN_BLOCK_CAPTURE_AUTORELEASING = YES;
				CLANG_WARN_BOOL_CONVERSION = YES;
				CLANG_WARN_COMMA = YES;
				CLANG_WARN_CONSTANT_CONVERSION = YES;
				CLANG_WARN_DEPRECATED_OBJC_IMPLEMENTATIONS = YES;
				CLANG_WARN_DIRECT_OBJC_ISA_USAGE = YES_ERROR;
				CLANG_WARN_DOCUMENTATION_COMMENTS = YES;
				CLANG_WARN_EMPTY_BODY = YES;
				CLANG_WARN_ENUM_CONVERSION = YES;
				CLANG_WARN_INFINITE_RECURSION = YES;
				CLANG_WARN_INT_CONVERSION = YES;
				CLANG_WARN_NON_LITERAL_NULL_CONVERSION = YES;
				CLANG_WARN_OBJC_IMPLICIT_RETAIN_SELF = YES;
				CLANG_WARN_OBJC_LITERAL_CONVERSION = YES;
				CLANG_WARN_OBJC_ROOT_CLASS = YES_ERROR;
				CLANG_WARN_QUOTED_INCLUDE_IN_FRAMEWORK_HEADER = YES;
				CLANG_WARN_RANGE_LOOP_ANALYSIS = YES;
				CLANG_WARN_STRICT_PROTOTYPES = YES;
				CLANG_WARN_SUSPICIOUS_MOVE = YES;
				CLANG_WARN_UNGUARDED_AVAILABILITY = YES_AGGRESSIVE;
				CLANG_WARN_UNREACHABLE_CODE = YES;
				CLANG_WARN__DUPLICATE_METHOD_MATCH = YES;
				COPY_PHASE_STRIP = NO;
				DEBUG_INFORMATION_FORMAT = "dwarf-with-dsym";
				ENABLE_NS_ASSERTIONS = NO;
				ENABLE_STRICT_OBJC_MSGSEND = YES;
				GCC_C_LANGUAGE_STANDARD = gnu11;
				GCC_NO_COMMON_BLOCKS = YES;
				GCC_WARN_64_TO_32_BIT_CONVERSION = YES;
				GCC_WARN_ABOUT_RETURN_TYPE = YES_ERROR;
				GCC_WARN_UNDECLARED_SELECTOR = YES;
				GCC_WARN_UNINITIALIZED_AUTOS = YES_AGGRESSIVE;
				GCC_WARN_UNUSED_FUNCTION = YES;
				GCC_WARN_UNUSED_VARIABLE = YES;
				IPHONEOS_DEPLOYMENT_TARGET = 15.4;
				MTL_ENABLE_DEBUG_INFO = NO;
				MTL_FAST_MATH = YES;
				SDKROOT = iphoneos;
				SWIFT_COMPILATION_MODE = wholemodule;
				SWIFT_OPTIMIZATION_LEVEL = "-O";
				VALIDATE_PRODUCT = YES;
			};
			name = Release;
		};
		FA046EF628F54B25002D5023 /* Debug */ = {
			isa = XCBuildConfiguration;
			buildSettings = {
				ASSETCATALOG_COMPILER_APPICON_NAME = AppIcon;
				ASSETCATALOG_COMPILER_GLOBAL_ACCENT_COLOR_NAME = AccentColor;
				CODE_SIGN_STYLE = Automatic;
				CURRENT_PROJECT_VERSION = 1;
				DEVELOPMENT_TEAM = L3NMRMB3TX;
				GENERATE_INFOPLIST_FILE = YES;
				INFOPLIST_FILE = TelegramMediaEditing/Info.plist;
				INFOPLIST_KEY_NSPhotoLibraryUsageDescription = "For photo editing";
				INFOPLIST_KEY_UIApplicationSupportsIndirectInputEvents = YES;
				INFOPLIST_KEY_UILaunchStoryboardName = LaunchScreen;
				INFOPLIST_KEY_UISupportedInterfaceOrientations_iPad = "UIInterfaceOrientationPortrait UIInterfaceOrientationPortraitUpsideDown UIInterfaceOrientationLandscapeLeft UIInterfaceOrientationLandscapeRight";
				INFOPLIST_KEY_UISupportedInterfaceOrientations_iPhone = "UIInterfaceOrientationPortrait UIInterfaceOrientationLandscapeLeft UIInterfaceOrientationLandscapeRight";
				IPHONEOS_DEPLOYMENT_TARGET = 13.0;
				LD_RUNPATH_SEARCH_PATHS = (
					"$(inherited)",
					"@executable_path/Frameworks",
				);
				MARKETING_VERSION = 1.0;
				PRODUCT_BUNDLE_IDENTIFIER = alex.TelegramMediaEditing;
				PRODUCT_NAME = "$(TARGET_NAME)";
				SWIFT_EMIT_LOC_STRINGS = YES;
				SWIFT_VERSION = 5.0;
				TARGETED_DEVICE_FAMILY = "1,2";
			};
			name = Debug;
		};
		FA046EF728F54B25002D5023 /* Release */ = {
			isa = XCBuildConfiguration;
			buildSettings = {
				ASSETCATALOG_COMPILER_APPICON_NAME = AppIcon;
				ASSETCATALOG_COMPILER_GLOBAL_ACCENT_COLOR_NAME = AccentColor;
				CODE_SIGN_STYLE = Automatic;
				CURRENT_PROJECT_VERSION = 1;
				DEVELOPMENT_TEAM = L3NMRMB3TX;
				GENERATE_INFOPLIST_FILE = YES;
				INFOPLIST_FILE = TelegramMediaEditing/Info.plist;
				INFOPLIST_KEY_NSPhotoLibraryUsageDescription = "For photo editing";
				INFOPLIST_KEY_UIApplicationSupportsIndirectInputEvents = YES;
				INFOPLIST_KEY_UILaunchStoryboardName = LaunchScreen;
				INFOPLIST_KEY_UISupportedInterfaceOrientations_iPad = "UIInterfaceOrientationPortrait UIInterfaceOrientationPortraitUpsideDown UIInterfaceOrientationLandscapeLeft UIInterfaceOrientationLandscapeRight";
				INFOPLIST_KEY_UISupportedInterfaceOrientations_iPhone = "UIInterfaceOrientationPortrait UIInterfaceOrientationLandscapeLeft UIInterfaceOrientationLandscapeRight";
				IPHONEOS_DEPLOYMENT_TARGET = 13.0;
				LD_RUNPATH_SEARCH_PATHS = (
					"$(inherited)",
					"@executable_path/Frameworks",
				);
				MARKETING_VERSION = 1.0;
				PRODUCT_BUNDLE_IDENTIFIER = alex.TelegramMediaEditing;
				PRODUCT_NAME = "$(TARGET_NAME)";
				SWIFT_EMIT_LOC_STRINGS = YES;
				SWIFT_VERSION = 5.0;
				TARGETED_DEVICE_FAMILY = "1,2";
			};
			name = Release;
		};
/* End XCBuildConfiguration section */

/* Begin XCConfigurationList section */
		FA046EDC28F54B23002D5023 /* Build configuration list for PBXProject "TelegramMediaEditing" */ = {
			isa = XCConfigurationList;
			buildConfigurations = (
				FA046EF328F54B25002D5023 /* Debug */,
				FA046EF428F54B25002D5023 /* Release */,
			);
			defaultConfigurationIsVisible = 0;
			defaultConfigurationName = Release;
		};
		FA046EF528F54B25002D5023 /* Build configuration list for PBXNativeTarget "TelegramMediaEditing" */ = {
			isa = XCConfigurationList;
			buildConfigurations = (
				FA046EF628F54B25002D5023 /* Debug */,
				FA046EF728F54B25002D5023 /* Release */,
			);
			defaultConfigurationIsVisible = 0;
			defaultConfigurationName = Release;
		};
/* End XCConfigurationList section */

/* Begin XCRemoteSwiftPackageReference section */
		FA4BF3D928F6B42400592051 /* XCRemoteSwiftPackageReference "lottie-ios" */ = {
			isa = XCRemoteSwiftPackageReference;
			repositoryURL = "https://github.com/airbnb/lottie-ios";
			requirement = {
				kind = upToNextMajorVersion;
				minimumVersion = 3.0.0;
			};
		};
/* End XCRemoteSwiftPackageReference section */

/* Begin XCSwiftPackageProductDependency section */
		FA4BF3DA28F6B42400592051 /* Lottie */ = {
			isa = XCSwiftPackageProductDependency;
			package = FA4BF3D928F6B42400592051 /* XCRemoteSwiftPackageReference "lottie-ios" */;
			productName = Lottie;
		};
/* End XCSwiftPackageProductDependency section */
	};
	rootObject = FA046ED928F54B23002D5023 /* Project object */;
}
